// !$*UTF8*$!
{
	archiveVersion = 1;
	classes = {
	};
	objectVersion = 50;
	objects = {

/* Begin PBXBuildFile section */
		83998E5622A9D3F8001B080E /* AppDelegate.swift in Sources */ = {isa = PBXBuildFile; fileRef = 83998E5522A9D3F8001B080E /* AppDelegate.swift */; };
		83998E5822A9D3F8001B080E /* ViewController.swift in Sources */ = {isa = PBXBuildFile; fileRef = 83998E5722A9D3F8001B080E /* ViewController.swift */; };
		83998E5B22A9D3F8001B080E /* Main.storyboard in Resources */ = {isa = PBXBuildFile; fileRef = 83998E5922A9D3F8001B080E /* Main.storyboard */; };
		83998E5D22A9D3F9001B080E /* Assets.xcassets in Resources */ = {isa = PBXBuildFile; fileRef = 83998E5C22A9D3F9001B080E /* Assets.xcassets */; };
		83998E6022A9D3F9001B080E /* LaunchScreen.storyboard in Resources */ = {isa = PBXBuildFile; fileRef = 83998E5E22A9D3F9001B080E /* LaunchScreen.storyboard */; };
		83998E6B22A9D3F9001B080E /* AutoLayoutTests.swift in Sources */ = {isa = PBXBuildFile; fileRef = 83998E6A22A9D3F9001B080E /* AutoLayoutTests.swift */; };
		83998E7622A9D3F9001B080E /* AutoLayoutUITests.swift in Sources */ = {isa = PBXBuildFile; fileRef = 83998E7522A9D3F9001B080E /* AutoLayoutUITests.swift */; };
/* End PBXBuildFile section */

/* Begin PBXContainerItemProxy section */
		83998E6722A9D3F9001B080E /* PBXContainerItemProxy */ = {
			isa = PBXContainerItemProxy;
			containerPortal = 83998E4A22A9D3F8001B080E /* Project object */;
			proxyType = 1;
			remoteGlobalIDString = 83998E5122A9D3F8001B080E;
			remoteInfo = AutoLayout;
		};
		83998E7222A9D3F9001B080E /* PBXContainerItemProxy */ = {
			isa = PBXContainerItemProxy;
			containerPortal = 83998E4A22A9D3F8001B080E /* Project object */;
			proxyType = 1;
			remoteGlobalIDString = 83998E5122A9D3F8001B080E;
			remoteInfo = AutoLayout;
		};
/* End PBXContainerItemProxy section */

/* Begin PBXFileReference section */
		83998E5222A9D3F8001B080E /* AutoLayout.app */ = {isa = PBXFileReference; explicitFileType = wrapper.application; includeInIndex = 0; path = AutoLayout.app; sourceTree = BUILT_PRODUCTS_DIR; };
		83998E5522A9D3F8001B080E /* AppDelegate.swift */ = {isa = PBXFileReference; lastKnownFileType = sourcecode.swift; path = AppDelegate.swift; sourceTree = "<group>"; };
		83998E5722A9D3F8001B080E /* ViewController.swift */ = {isa = PBXFileReference; lastKnownFileType = sourcecode.swift; path = ViewController.swift; sourceTree = "<group>"; };
		83998E5A22A9D3F8001B080E /* Base */ = {isa = PBXFileReference; lastKnownFileType = file.storyboard; name = Base; path = Base.lproj/Main.storyboard; sourceTree = "<group>"; };
		83998E5C22A9D3F9001B080E /* Assets.xcassets */ = {isa = PBXFileReference; lastKnownFileType = folder.assetcatalog; path = Assets.xcassets; sourceTree = "<group>"; };
		83998E5F22A9D3F9001B080E /* Base */ = {isa = PBXFileReference; lastKnownFileType = file.storyboard; name = Base; path = Base.lproj/LaunchScreen.storyboard; sourceTree = "<group>"; };
		83998E6122A9D3F9001B080E /* Info.plist */ = {isa = PBXFileReference; lastKnownFileType = text.plist.xml; path = Info.plist; sourceTree = "<group>"; };
		83998E6622A9D3F9001B080E /* AutoLayoutTests.xctest */ = {isa = PBXFileReference; explicitFileType = wrapper.cfbundle; includeInIndex = 0; path = AutoLayoutTests.xctest; sourceTree = BUILT_PRODUCTS_DIR; };
		83998E6A22A9D3F9001B080E /* AutoLayoutTests.swift */ = {isa = PBXFileReference; lastKnownFileType = sourcecode.swift; path = AutoLayoutTests.swift; sourceTree = "<group>"; };
		83998E6C22A9D3F9001B080E /* Info.plist */ = {isa = PBXFileReference; lastKnownFileType = text.plist.xml; path = Info.plist; sourceTree = "<group>"; };
		83998E7122A9D3F9001B080E /* AutoLayoutUITests.xctest */ = {isa = PBXFileReference; explicitFileType = wrapper.cfbundle; includeInIndex = 0; path = AutoLayoutUITests.xctest; sourceTree = BUILT_PRODUCTS_DIR; };
		83998E7522A9D3F9001B080E /* AutoLayoutUITests.swift */ = {isa = PBXFileReference; lastKnownFileType = sourcecode.swift; path = AutoLayoutUITests.swift; sourceTree = "<group>"; };
		83998E7722A9D3F9001B080E /* Info.plist */ = {isa = PBXFileReference; lastKnownFileType = text.plist.xml; path = Info.plist; sourceTree = "<group>"; };
/* End PBXFileReference section */

/* Begin PBXFrameworksBuildPhase section */
		83998E4F22A9D3F8001B080E /* Frameworks */ = {
			isa = PBXFrameworksBuildPhase;
			buildActionMask = 2147483647;
			files = (
			);
			runOnlyForDeploymentPostprocessing = 0;
		};
		83998E6322A9D3F9001B080E /* Frameworks */ = {
			isa = PBXFrameworksBuildPhase;
			buildActionMask = 2147483647;
			files = (
			);
			runOnlyForDeploymentPostprocessing = 0;
		};
		83998E6E22A9D3F9001B080E /* Frameworks */ = {
			isa = PBXFrameworksBuildPhase;
			buildActionMask = 2147483647;
			files = (
			);
			runOnlyForDeploymentPostprocessing = 0;
		};
/* End PBXFrameworksBuildPhase section */

/* Begin PBXGroup section */
		83998E4922A9D3F8001B080E = {
			isa = PBXGroup;
			children = (
				83998E5422A9D3F8001B080E /* AutoLayout */,
				83998E6922A9D3F9001B080E /* AutoLayoutTests */,
				83998E7422A9D3F9001B080E /* AutoLayoutUITests */,
				83998E5322A9D3F8001B080E /* Products */,
			);
			sourceTree = "<group>";
		};
		83998E5322A9D3F8001B080E /* Products */ = {
			isa = PBXGroup;
			children = (
				83998E5222A9D3F8001B080E /* AutoLayout.app */,
				83998E6622A9D3F9001B080E /* AutoLayoutTests.xctest */,
				83998E7122A9D3F9001B080E /* AutoLayoutUITests.xctest */,
			);
			name = Products;
			sourceTree = "<group>";
		};
		83998E5422A9D3F8001B080E /* AutoLayout */ = {
			isa = PBXGroup;
			children = (
				83998E5522A9D3F8001B080E /* AppDelegate.swift */,
				83998E5722A9D3F8001B080E /* ViewController.swift */,
				83998E5922A9D3F8001B080E /* Main.storyboard */,
				83998E5C22A9D3F9001B080E /* Assets.xcassets */,
				83998E5E22A9D3F9001B080E /* LaunchScreen.storyboard */,
				83998E6122A9D3F9001B080E /* Info.plist */,
			);
			path = AutoLayout;
			sourceTree = "<group>";
		};
		83998E6922A9D3F9001B080E /* AutoLayoutTests */ = {
			isa = PBXGroup;
			children = (
				83998E6A22A9D3F9001B080E /* AutoLayoutTests.swift */,
				83998E6C22A9D3F9001B080E /* Info.plist */,
			);
			path = AutoLayoutTests;
			sourceTree = "<group>";
		};
		83998E7422A9D3F9001B080E /* AutoLayoutUITests */ = {
			isa = PBXGroup;
			children = (
				83998E7522A9D3F9001B080E /* AutoLayoutUITests.swift */,
				83998E7722A9D3F9001B080E /* Info.plist */,
			);
			path = AutoLayoutUITests;
			sourceTree = "<group>";
		};
/* End PBXGroup section */

/* Begin PBXNativeTarget section */
		83998E5122A9D3F8001B080E /* AutoLayout */ = {
			isa = PBXNativeTarget;
			buildConfigurationList = 83998E7A22A9D3F9001B080E /* Build configuration list for PBXNativeTarget "AutoLayout" */;
			buildPhases = (
				83998E4E22A9D3F8001B080E /* Sources */,
				83998E4F22A9D3F8001B080E /* Frameworks */,
				83998E5022A9D3F8001B080E /* Resources */,
			);
			buildRules = (
			);
			dependencies = (
			);
			name = AutoLayout;
			productName = AutoLayout;
			productReference = 83998E5222A9D3F8001B080E /* AutoLayout.app */;
			productType = "com.apple.product-type.application";
		};
		83998E6522A9D3F9001B080E /* AutoLayoutTests */ = {
			isa = PBXNativeTarget;
			buildConfigurationList = 83998E7D22A9D3F9001B080E /* Build configuration list for PBXNativeTarget "AutoLayoutTests" */;
			buildPhases = (
				83998E6222A9D3F9001B080E /* Sources */,
				83998E6322A9D3F9001B080E /* Frameworks */,
				83998E6422A9D3F9001B080E /* Resources */,
			);
			buildRules = (
			);
			dependencies = (
				83998E6822A9D3F9001B080E /* PBXTargetDependency */,
			);
			name = AutoLayoutTests;
			productName = AutoLayoutTests;
			productReference = 83998E6622A9D3F9001B080E /* AutoLayoutTests.xctest */;
			productType = "com.apple.product-type.bundle.unit-test";
		};
		83998E7022A9D3F9001B080E /* AutoLayoutUITests */ = {
			isa = PBXNativeTarget;
			buildConfigurationList = 83998E8022A9D3F9001B080E /* Build configuration list for PBXNativeTarget "AutoLayoutUITests" */;
			buildPhases = (
				83998E6D22A9D3F9001B080E /* Sources */,
				83998E6E22A9D3F9001B080E /* Frameworks */,
				83998E6F22A9D3F9001B080E /* Resources */,
			);
			buildRules = (
			);
			dependencies = (
				83998E7322A9D3F9001B080E /* PBXTargetDependency */,
			);
			name = AutoLayoutUITests;
			productName = AutoLayoutUITests;
			productReference = 83998E7122A9D3F9001B080E /* AutoLayoutUITests.xctest */;
			productType = "com.apple.product-type.bundle.ui-testing";
		};
/* End PBXNativeTarget section */

/* Begin PBXProject section */
		83998E4A22A9D3F8001B080E /* Project object */ = {
			isa = PBXProject;
			attributes = {
				LastSwiftUpdateCheck = 1020;
				LastUpgradeCheck = 1020;
				ORGANIZATIONNAME = "Thiago B Claramunt";
				TargetAttributes = {
					83998E5122A9D3F8001B080E = {
						CreatedOnToolsVersion = 10.2.1;
					};
					83998E6522A9D3F9001B080E = {
						CreatedOnToolsVersion = 10.2.1;
						TestTargetID = 83998E5122A9D3F8001B080E;
					};
					83998E7022A9D3F9001B080E = {
						CreatedOnToolsVersion = 10.2.1;
						TestTargetID = 83998E5122A9D3F8001B080E;
					};
				};
			};
			buildConfigurationList = 83998E4D22A9D3F8001B080E /* Build configuration list for PBXProject "AutoLayout" */;
			compatibilityVersion = "Xcode 9.3";
			developmentRegion = en;
			hasScannedForEncodings = 0;
			knownRegions = (
				en,
				Base,
			);
			mainGroup = 83998E4922A9D3F8001B080E;
			productRefGroup = 83998E5322A9D3F8001B080E /* Products */;
			projectDirPath = "";
			projectRoot = "";
			targets = (
				83998E5122A9D3F8001B080E /* AutoLayout */,
				83998E6522A9D3F9001B080E /* AutoLayoutTests */,
				83998E7022A9D3F9001B080E /* AutoLayoutUITests */,
			);
		};
/* End PBXProject section */

/* Begin PBXResourcesBuildPhase section */
		83998E5022A9D3F8001B080E /* Resources */ = {
			isa = PBXResourcesBuildPhase;
			buildActionMask = 2147483647;
			files = (
				83998E6022A9D3F9001B080E /* LaunchScreen.storyboard in Resources */,
				83998E5D22A9D3F9001B080E /* Assets.xcassets in Resources */,
				83998E5B22A9D3F8001B080E /* Main.storyboard in Resources */,
			);
			runOnlyForDeploymentPostprocessing = 0;
		};
		83998E6422A9D3F9001B080E /* Resources */ = {
			isa = PBXResourcesBuildPhase;
			buildActionMask = 2147483647;
			files = (
			);
			runOnlyForDeploymentPostprocessing = 0;
		};
		83998E6F22A9D3F9001B080E /* Resources */ = {
			isa = PBXResourcesBuildPhase;
			buildActionMask = 2147483647;
			files = (
			);
			runOnlyForDeploymentPostprocessing = 0;
		};
/* End PBXResourcesBuildPhase section */

/* Begin PBXSourcesBuildPhase section */
		83998E4E22A9D3F8001B080E /* Sources */ = {
			isa = PBXSourcesBuildPhase;
			buildActionMask = 2147483647;
			files = (
				83998E5822A9D3F8001B080E /* ViewController.swift in Sources */,
				83998E5622A9D3F8001B080E /* AppDelegate.swift in Sources */,
			);
			runOnlyForDeploymentPostprocessing = 0;
		};
		83998E6222A9D3F9001B080E /* Sources */ = {
			isa = PBXSourcesBuildPhase;
			buildActionMask = 2147483647;
			files = (
				83998E6B22A9D3F9001B080E /* AutoLayoutTests.swift in Sources */,
			);
			runOnlyForDeploymentPostprocessing = 0;
		};
		83998E6D22A9D3F9001B080E /* Sources */ = {
			isa = PBXSourcesBuildPhase;
			buildActionMask = 2147483647;
			files = (
				83998E7622A9D3F9001B080E /* AutoLayoutUITests.swift in Sources */,
			);
			runOnlyForDeploymentPostprocessing = 0;
		};
/* End PBXSourcesBuildPhase section */

/* Begin PBXTargetDependency section */
		83998E6822A9D3F9001B080E /* PBXTargetDependency */ = {
			isa = PBXTargetDependency;
			target = 83998E5122A9D3F8001B080E /* AutoLayout */;
			targetProxy = 83998E6722A9D3F9001B080E /* PBXContainerItemProxy */;
		};
		83998E7322A9D3F9001B080E /* PBXTargetDependency */ = {
			isa = PBXTargetDependency;
			target = 83998E5122A9D3F8001B080E /* AutoLayout */;
			targetProxy = 83998E7222A9D3F9001B080E /* PBXContainerItemProxy */;
		};
/* End PBXTargetDependency section */

/* Begin PBXVariantGroup section */
		83998E5922A9D3F8001B080E /* Main.storyboard */ = {
			isa = PBXVariantGroup;
			children = (
				83998E5A22A9D3F8001B080E /* Base */,
			);
			name = Main.storyboard;
			sourceTree = "<group>";
		};
		83998E5E22A9D3F9001B080E /* LaunchScreen.storyboard */ = {
			isa = PBXVariantGroup;
			children = (
				83998E5F22A9D3F9001B080E /* Base */,
			);
			name = LaunchScreen.storyboard;
			sourceTree = "<group>";
		};
/* End PBXVariantGroup section */

/* Begin XCBuildConfiguration section */
		83998E7822A9D3F9001B080E /* Debug */ = {
			isa = XCBuildConfiguration;
			buildSettings = {
				ALWAYS_SEARCH_USER_PATHS = NO;
				CLANG_ANALYZER_NONNULL = YES;
				CLANG_ANALYZER_NUMBER_OBJECT_CONVERSION = YES_AGGRESSIVE;
				CLANG_CXX_LANGUAGE_STANDARD = "gnu++14";
				CLANG_CXX_LIBRARY = "libc++";
				CLANG_ENABLE_MODULES = YES;
				CLANG_ENABLE_OBJC_ARC = YES;
				CLANG_ENABLE_OBJC_WEAK = YES;
				CLANG_WARN_BLOCK_CAPTURE_AUTORELEASING = YES;
				CLANG_WARN_BOOL_CONVERSION = YES;
				CLANG_WARN_COMMA = YES;
				CLANG_WARN_CONSTANT_CONVERSION = YES;
				CLANG_WARN_DEPRECATED_OBJC_IMPLEMENTATIONS = YES;
				CLANG_WARN_DIRECT_OBJC_ISA_USAGE = YES_ERROR;
				CLANG_WARN_DOCUMENTATION_COMMENTS = YES;
				CLANG_WARN_EMPTY_BODY = YES;
				CLANG_WARN_ENUM_CONVERSION = YES;
				CLANG_WARN_INFINITE_RECURSION = YES;
				CLANG_WARN_INT_CONVERSION = YES;
				CLANG_WARN_NON_LITERAL_NULL_CONVERSION = YES;
				CLANG_WARN_OBJC_IMPLICIT_RETAIN_SELF = YES;
				CLANG_WARN_OBJC_LITERAL_CONVERSION = YES;
				CLANG_WARN_OBJC_ROOT_CLASS = YES_ERROR;
				CLANG_WARN_RANGE_LOOP_ANALYSIS = YES;
				CLANG_WARN_STRICT_PROTOTYPES = YES;
				CLANG_WARN_SUSPICIOUS_MOVE = YES;
				CLANG_WARN_UNGUARDED_AVAILABILITY = YES_AGGRESSIVE;
				CLANG_WARN_UNREACHABLE_CODE = YES;
				CLANG_WARN__DUPLICATE_METHOD_MATCH = YES;
				CODE_SIGN_IDENTITY = "iPhone Developer";
				COPY_PHASE_STRIP = NO;
				DEBUG_INFORMATION_FORMAT = dwarf;
				ENABLE_STRICT_OBJC_MSGSEND = YES;
				ENABLE_TESTABILITY = YES;
				GCC_C_LANGUAGE_STANDARD = gnu11;
				GCC_DYNAMIC_NO_PIC = NO;
				GCC_NO_COMMON_BLOCKS = YES;
				GCC_OPTIMIZATION_LEVEL = 0;
				GCC_PREPROCESSOR_DEFINITIONS = (
					"DEBUG=1",
					"$(inherited)",
				);
				GCC_WARN_64_TO_32_BIT_CONVERSION = YES;
				GCC_WARN_ABOUT_RETURN_TYPE = YES_ERROR;
				GCC_WARN_UNDECLARED_SELECTOR = YES;
				GCC_WARN_UNINITIALIZED_AUTOS = YES_AGGRESSIVE;
				GCC_WARN_UNUSED_FUNCTION = YES;
				GCC_WARN_UNUSED_VARIABLE = YES;
				IPHONEOS_DEPLOYMENT_TARGET = 12.2;
				MTL_ENABLE_DEBUG_INFO = INCLUDE_SOURCE;
				MTL_FAST_MATH = YES;
				ONLY_ACTIVE_ARCH = YES;
				SDKROOT = iphoneos;
				SWIFT_ACTIVE_COMPILATION_CONDITIONS = DEBUG;
				SWIFT_OPTIMIZATION_LEVEL = "-Onone";
			};
			name = Debug;
		};
		83998E7922A9D3F9001B080E /* Release */ = {
			isa = XCBuildConfiguration;
			buildSettings = {
				ALWAYS_SEARCH_USER_PATHS = NO;
				CLANG_ANALYZER_NONNULL = YES;
				CLANG_ANALYZER_NUMBER_OBJECT_CONVERSION = YES_AGGRESSIVE;
				CLANG_CXX_LANGUAGE_STANDARD = "gnu++14";
				CLANG_CXX_LIBRARY = "libc++";
				CLANG_ENABLE_MODULES = YES;
				CLANG_ENABLE_OBJC_ARC = YES;
				CLANG_ENABLE_OBJC_WEAK = YES;
				CLANG_WARN_BLOCK_CAPTURE_AUTORELEASING = YES;
				CLANG_WARN_BOOL_CONVERSION = YES;
				CLANG_WARN_COMMA = YES;
				CLANG_WARN_CONSTANT_CONVERSION = YES;
				CLANG_WARN_DEPRECATED_OBJC_IMPLEMENTATIONS = YES;
				CLANG_WARN_DIRECT_OBJC_ISA_USAGE = YES_ERROR;
				CLANG_WARN_DOCUMENTATION_COMMENTS = YES;
				CLANG_WARN_EMPTY_BODY = YES;
				CLANG_WARN_ENUM_CONVERSION = YES;
				CLANG_WARN_INFINITE_RECURSION = YES;
				CLANG_WARN_INT_CONVERSION = YES;
				CLANG_WARN_NON_LITERAL_NULL_CONVERSION = YES;
				CLANG_WARN_OBJC_IMPLICIT_RETAIN_SELF = YES;
				CLANG_WARN_OBJC_LITERAL_CONVERSION = YES;
				CLANG_WARN_OBJC_ROOT_CLASS = YES_ERROR;
				CLANG_WARN_RANGE_LOOP_ANALYSIS = YES;
				CLANG_WARN_STRICT_PROTOTYPES = YES;
				CLANG_WARN_SUSPICIOUS_MOVE = YES;
				CLANG_WARN_UNGUARDED_AVAILABILITY = YES_AGGRESSIVE;
				CLANG_WARN_UNREACHABLE_CODE = YES;
				CLANG_WARN__DUPLICATE_METHOD_MATCH = YES;
				CODE_SIGN_IDENTITY = "iPhone Developer";
				COPY_PHASE_STRIP = NO;
				DEBUG_INFORMATION_FORMAT = "dwarf-with-dsym";
				ENABLE_NS_ASSERTIONS = NO;
				ENABLE_STRICT_OBJC_MSGSEND = YES;
				GCC_C_LANGUAGE_STANDARD = gnu11;
				GCC_NO_COMMON_BLOCKS = YES;
				GCC_WARN_64_TO_32_BIT_CONVERSION = YES;
				GCC_WARN_ABOUT_RETURN_TYPE = YES_ERROR;
				GCC_WARN_UNDECLARED_SELECTOR = YES;
				GCC_WARN_UNINITIALIZED_AUTOS = YES_AGGRESSIVE;
				GCC_WARN_UNUSED_FUNCTION = YES;
				GCC_WARN_UNUSED_VARIABLE = YES;
				IPHONEOS_DEPLOYMENT_TARGET = 12.2;
				MTL_ENABLE_DEBUG_INFO = NO;
				MTL_FAST_MATH = YES;
				SDKROOT = iphoneos;
				SWIFT_COMPILATION_MODE = wholemodule;
				SWIFT_OPTIMIZATION_LEVEL = "-O";
				VALIDATE_PRODUCT = YES;
			};
			name = Release;
		};
		83998E7B22A9D3F9001B080E /* Debug */ = {
			isa = XCBuildConfiguration;
			buildSettings = {
				ASSETCATALOG_COMPILER_APPICON_NAME = AppIcon;
				CODE_SIGN_STYLE = Automatic;
				DEVELOPMENT_TEAM = 95Y9ZH46LB;
				INFOPLIST_FILE = AutoLayout/Info.plist;
				LD_RUNPATH_SEARCH_PATHS = (
					"$(inherited)",
					"@executable_path/Frameworks",
				);
				PRODUCT_BUNDLE_IDENTIFIER = cashfly.com.br.AutoLayout;
				PRODUCT_NAME = "$(TARGET_NAME)";
				SWIFT_VERSION = 5.0;
				TARGETED_DEVICE_FAMILY = "1,2";
			};
			name = Debug;
		};
		83998E7C22A9D3F9001B080E /* Release */ = {
			isa = XCBuildConfiguration;
			buildSettings = {
				ASSETCATALOG_COMPILER_APPICON_NAME = AppIcon;
				CODE_SIGN_STYLE = Automatic;
				DEVELOPMENT_TEAM = 95Y9ZH46LB;
				INFOPLIST_FILE = AutoLayout/Info.plist;
				LD_RUNPATH_SEARCH_PATHS = (
					"$(inherited)",
					"@executable_path/Frameworks",
				);
				PRODUCT_BUNDLE_IDENTIFIER = cashfly.com.br.AutoLayout;
				PRODUCT_NAME = "$(TARGET_NAME)";
				SWIFT_VERSION = 5.0;
				TARGETED_DEVICE_FAMILY = "1,2";
			};
			name = Release;
		};
		83998E7E22A9D3F9001B080E /* Debug */ = {
			isa = XCBuildConfiguration;
			buildSettings = {
				ALWAYS_EMBED_SWIFT_STANDARD_LIBRARIES = YES;
				BUNDLE_LOADER = "$(TEST_HOST)";
				CODE_SIGN_STYLE = Automatic;
				DEVELOPMENT_TEAM = 95Y9ZH46LB;
				INFOPLIST_FILE = AutoLayoutTests/Info.plist;
				LD_RUNPATH_SEARCH_PATHS = (
					"$(inherited)",
					"@executable_path/Frameworks",
					"@loader_path/Frameworks",
				);
				PRODUCT_BUNDLE_IDENTIFIER = cashfly.com.br.AutoLayoutTests;
				PRODUCT_NAME = "$(TARGET_NAME)";
				SWIFT_VERSION = 5.0;
				TARGETED_DEVICE_FAMILY = "1,2";
				TEST_HOST = "$(BUILT_PRODUCTS_DIR)/AutoLayout.app/AutoLayout";
			};
			name = Debug;
		};
		83998E7F22A9D3F9001B080E /* Release */ = {
			isa = XCBuildConfiguration;
			buildSettings = {
				ALWAYS_EMBED_SWIFT_STANDARD_LIBRARIES = YES;
				BUNDLE_LOADER = "$(TEST_HOST)";
				CODE_SIGN_STYLE = Automatic;
				DEVELOPMENT_TEAM = 95Y9ZH46LB;
				INFOPLIST_FILE = AutoLayoutTests/Info.plist;
				LD_RUNPATH_SEARCH_PATHS = (
					"$(inherited)",
					"@executable_path/Frameworks",
					"@loader_path/Frameworks",
				);
				PRODUCT_BUNDLE_IDENTIFIER = cashfly.com.br.AutoLayoutTests;
				PRODUCT_NAME = "$(TARGET_NAME)";
				SWIFT_VERSION = 5.0;
				TARGETED_DEVICE_FAMILY = "1,2";
				TEST_HOST = "$(BUILT_PRODUCTS_DIR)/AutoLayout.app/AutoLayout";
			};
			name = Release;
		};
		83998E8122A9D3F9001B080E /* Debug */ = {
			isa = XCBuildConfiguration;
			buildSettings = {
				ALWAYS_EMBED_SWIFT_STANDARD_LIBRARIES = YES;
				CODE_SIGN_STYLE = Automatic;
				DEVELOPMENT_TEAM = 95Y9ZH46LB;
				INFOPLIST_FILE = AutoLayoutUITests/Info.plist;
				LD_RUNPATH_SEARCH_PATHS = (
					"$(inherited)",
					"@executable_path/Frameworks",
					"@loader_path/Frameworks",
				);
				PRODUCT_BUNDLE_IDENTIFIER = cashfly.com.br.AutoLayoutUITests;
				PRODUCT_NAME = "$(TARGET_NAME)";
				SWIFT_VERSION = 5.0;
				TARGETED_DEVICE_FAMILY = "1,2";
				TEST_TARGET_NAME = AutoLayout;
			};
			name = Debug;
		};
		83998E8222A9D3F9001B080E /* Release */ = {
			isa = XCBuildConfiguration;
			buildSettings = {
				ALWAYS_EMBED_SWIFT_STANDARD_LIBRARIES = YES;
				CODE_SIGN_STYLE = Automatic;
				DEVELOPMENT_TEAM = 95Y9ZH46LB;
				INFOPLIST_FILE = AutoLayoutUITests/Info.plist;
				LD_RUNPATH_SEARCH_PATHS = (
					"$(inherited)",
					"@executable_path/Frameworks",
					"@loader_path/Frameworks",
				);
				PRODUCT_BUNDLE_IDENTIFIER = cashfly.com.br.AutoLayoutUITests;
				PRODUCT_NAME = "$(TARGET_NAME)";
				SWIFT_VERSION = 5.0;
				TARGETED_DEVICE_FAMILY = "1,2";
				TEST_TARGET_NAME = AutoLayout;
			};
			name = Release;
		};
/* End XCBuildConfiguration section */

/* Begin XCConfigurationList section */
		83998E4D22A9D3F8001B080E /* Build configuration list for PBXProject "AutoLayout" */ = {
			isa = XCConfigurationList;
			buildConfigurations = (
				83998E7822A9D3F9001B080E /* Debug */,
				83998E7922A9D3F9001B080E /* Release */,
			);
			defaultConfigurationIsVisible = 0;
			defaultConfigurationName = Release;
		};
		83998E7A22A9D3F9001B080E /* Build configuration list for PBXNativeTarget "AutoLayout" */ = {
			isa = XCConfigurationList;
			buildConfigurations = (
				83998E7B22A9D3F9001B080E /* Debug */,
				83998E7C22A9D3F9001B080E /* Release */,
			);
			defaultConfigurationIsVisible = 0;
			defaultConfigurationName = Release;
		};
		83998E7D22A9D3F9001B080E /* Build configuration list for PBXNativeTarget "AutoLayoutTests" */ = {
			isa = XCConfigurationList;
			buildConfigurations = (
				83998E7E22A9D3F9001B080E /* Debug */,
				83998E7F22A9D3F9001B080E /* Release */,
			);
			defaultConfigurationIsVisible = 0;
			defaultConfigurationName = Release;
		};
		83998E8022A9D3F9001B080E /* Build configuration list for PBXNativeTarget "AutoLayoutUITests" */ = {
			isa = XCConfigurationList;
			buildConfigurations = (
				83998E8122A9D3F9001B080E /* Debug */,
				83998E8222A9D3F9001B080E /* Release */,
			);
			defaultConfigurationIsVisible = 0;
			defaultConfigurationName = Release;
		};
/* End XCConfigurationList section */
	};
	rootObject = 83998E4A22A9D3F8001B080E /* Project object */;
}
