// !$*UTF8*$!
{
	archiveVersion = 1;
	classes = {
	};
	objectVersion = 50;
	objects = {

/* Begin PBXBuildFile section */
		83BA16EE228E2161002495D7 /* AppDelegate.swift in Sources */ = {isa = PBXBuildFile; fileRef = 83BA16ED228E2161002495D7 /* AppDelegate.swift */; };
		83BA16F0228E2161002495D7 /* ViewController.swift in Sources */ = {isa = PBXBuildFile; fileRef = 83BA16EF228E2161002495D7 /* ViewController.swift */; };
		83BA16F3228E2161002495D7 /* Main.storyboard in Resources */ = {isa = PBXBuildFile; fileRef = 83BA16F1228E2161002495D7 /* Main.storyboard */; };
		83BA16F5228E2162002495D7 /* Assets.xcassets in Resources */ = {isa = PBXBuildFile; fileRef = 83BA16F4228E2162002495D7 /* Assets.xcassets */; };
		83BA16F8228E2162002495D7 /* LaunchScreen.storyboard in Resources */ = {isa = PBXBuildFile; fileRef = 83BA16F6228E2162002495D7 /* LaunchScreen.storyboard */; };
		83BA1703228E2162002495D7 /* DesafioPerformSegueTests.swift in Sources */ = {isa = PBXBuildFile; fileRef = 83BA1702228E2162002495D7 /* DesafioPerformSegueTests.swift */; };
		83BA170E228E2162002495D7 /* DesafioPerformSegueUITests.swift in Sources */ = {isa = PBXBuildFile; fileRef = 83BA170D228E2162002495D7 /* DesafioPerformSegueUITests.swift */; };
		83BA171C228E2363002495D7 /* TiaLaureteViewController.swift in Sources */ = {isa = PBXBuildFile; fileRef = 83BA171B228E2363002495D7 /* TiaLaureteViewController.swift */; };
		83BA171E228E236A002495D7 /* MiriamViewController.swift in Sources */ = {isa = PBXBuildFile; fileRef = 83BA171D228E236A002495D7 /* MiriamViewController.swift */; };
		83BA1720228E236F002495D7 /* ThiagoViewController.swift in Sources */ = {isa = PBXBuildFile; fileRef = 83BA171F228E236F002495D7 /* ThiagoViewController.swift */; };
/* End PBXBuildFile section */

/* Begin PBXContainerItemProxy section */
		83BA16FF228E2162002495D7 /* PBXContainerItemProxy */ = {
			isa = PBXContainerItemProxy;
			containerPortal = 83BA16E2228E2161002495D7 /* Project object */;
			proxyType = 1;
			remoteGlobalIDString = 83BA16E9228E2161002495D7;
			remoteInfo = DesafioPerformSegue;
		};
		83BA170A228E2162002495D7 /* PBXContainerItemProxy */ = {
			isa = PBXContainerItemProxy;
			containerPortal = 83BA16E2228E2161002495D7 /* Project object */;
			proxyType = 1;
			remoteGlobalIDString = 83BA16E9228E2161002495D7;
			remoteInfo = DesafioPerformSegue;
		};
/* End PBXContainerItemProxy section */

/* Begin PBXFileReference section */
		83BA16EA228E2161002495D7 /* DesafioPerformSegue.app */ = {isa = PBXFileReference; explicitFileType = wrapper.application; includeInIndex = 0; path = DesafioPerformSegue.app; sourceTree = BUILT_PRODUCTS_DIR; };
		83BA16ED228E2161002495D7 /* AppDelegate.swift */ = {isa = PBXFileReference; lastKnownFileType = sourcecode.swift; path = AppDelegate.swift; sourceTree = "<group>"; };
		83BA16EF228E2161002495D7 /* ViewController.swift */ = {isa = PBXFileReference; lastKnownFileType = sourcecode.swift; path = ViewController.swift; sourceTree = "<group>"; };
		83BA16F2228E2161002495D7 /* Base */ = {isa = PBXFileReference; lastKnownFileType = file.storyboard; name = Base; path = Base.lproj/Main.storyboard; sourceTree = "<group>"; };
		83BA16F4228E2162002495D7 /* Assets.xcassets */ = {isa = PBXFileReference; lastKnownFileType = folder.assetcatalog; path = Assets.xcassets; sourceTree = "<group>"; };
		83BA16F7228E2162002495D7 /* Base */ = {isa = PBXFileReference; lastKnownFileType = file.storyboard; name = Base; path = Base.lproj/LaunchScreen.storyboard; sourceTree = "<group>"; };
		83BA16F9228E2162002495D7 /* Info.plist */ = {isa = PBXFileReference; lastKnownFileType = text.plist.xml; path = Info.plist; sourceTree = "<group>"; };
		83BA16FE228E2162002495D7 /* DesafioPerformSegueTests.xctest */ = {isa = PBXFileReference; explicitFileType = wrapper.cfbundle; includeInIndex = 0; path = DesafioPerformSegueTests.xctest; sourceTree = BUILT_PRODUCTS_DIR; };
		83BA1702228E2162002495D7 /* DesafioPerformSegueTests.swift */ = {isa = PBXFileReference; lastKnownFileType = sourcecode.swift; path = DesafioPerformSegueTests.swift; sourceTree = "<group>"; };
		83BA1704228E2162002495D7 /* Info.plist */ = {isa = PBXFileReference; lastKnownFileType = text.plist.xml; path = Info.plist; sourceTree = "<group>"; };
		83BA1709228E2162002495D7 /* DesafioPerformSegueUITests.xctest */ = {isa = PBXFileReference; explicitFileType = wrapper.cfbundle; includeInIndex = 0; path = DesafioPerformSegueUITests.xctest; sourceTree = BUILT_PRODUCTS_DIR; };
		83BA170D228E2162002495D7 /* DesafioPerformSegueUITests.swift */ = {isa = PBXFileReference; lastKnownFileType = sourcecode.swift; path = DesafioPerformSegueUITests.swift; sourceTree = "<group>"; };
		83BA170F228E2162002495D7 /* Info.plist */ = {isa = PBXFileReference; lastKnownFileType = text.plist.xml; path = Info.plist; sourceTree = "<group>"; };
		83BA171B228E2363002495D7 /* TiaLaureteViewController.swift */ = {isa = PBXFileReference; lastKnownFileType = sourcecode.swift; path = TiaLaureteViewController.swift; sourceTree = "<group>"; };
		83BA171D228E236A002495D7 /* MiriamViewController.swift */ = {isa = PBXFileReference; lastKnownFileType = sourcecode.swift; path = MiriamViewController.swift; sourceTree = "<group>"; };
		83BA171F228E236F002495D7 /* ThiagoViewController.swift */ = {isa = PBXFileReference; lastKnownFileType = sourcecode.swift; path = ThiagoViewController.swift; sourceTree = "<group>"; };
/* End PBXFileReference section */

/* Begin PBXFrameworksBuildPhase section */
		83BA16E7228E2161002495D7 /* Frameworks */ = {
			isa = PBXFrameworksBuildPhase;
			buildActionMask = 2147483647;
			files = (
			);
			runOnlyForDeploymentPostprocessing = 0;
		};
		83BA16FB228E2162002495D7 /* Frameworks */ = {
			isa = PBXFrameworksBuildPhase;
			buildActionMask = 2147483647;
			files = (
			);
			runOnlyForDeploymentPostprocessing = 0;
		};
		83BA1706228E2162002495D7 /* Frameworks */ = {
			isa = PBXFrameworksBuildPhase;
			buildActionMask = 2147483647;
			files = (
			);
			runOnlyForDeploymentPostprocessing = 0;
		};
/* End PBXFrameworksBuildPhase section */

/* Begin PBXGroup section */
		83BA16E1228E2161002495D7 = {
			isa = PBXGroup;
			children = (
				83BA16EC228E2161002495D7 /* DesafioPerformSegue */,
				83BA1701228E2162002495D7 /* DesafioPerformSegueTests */,
				83BA170C228E2162002495D7 /* DesafioPerformSegueUITests */,
				83BA16EB228E2161002495D7 /* Products */,
			);
			sourceTree = "<group>";
		};
		83BA16EB228E2161002495D7 /* Products */ = {
			isa = PBXGroup;
			children = (
				83BA16EA228E2161002495D7 /* DesafioPerformSegue.app */,
				83BA16FE228E2162002495D7 /* DesafioPerformSegueTests.xctest */,
				83BA1709228E2162002495D7 /* DesafioPerformSegueUITests.xctest */,
			);
			name = Products;
			sourceTree = "<group>";
		};
		83BA16EC228E2161002495D7 /* DesafioPerformSegue */ = {
			isa = PBXGroup;
			children = (
				83BA16ED228E2161002495D7 /* AppDelegate.swift */,
				83BA16EF228E2161002495D7 /* ViewController.swift */,
				83BA16F1228E2161002495D7 /* Main.storyboard */,
				83BA171B228E2363002495D7 /* TiaLaureteViewController.swift */,
				83BA171D228E236A002495D7 /* MiriamViewController.swift */,
				83BA171F228E236F002495D7 /* ThiagoViewController.swift */,
				83BA16F4228E2162002495D7 /* Assets.xcassets */,
				83BA16F6228E2162002495D7 /* LaunchScreen.storyboard */,
				83BA16F9228E2162002495D7 /* Info.plist */,
			);
			path = DesafioPerformSegue;
			sourceTree = "<group>";
		};
		83BA1701228E2162002495D7 /* DesafioPerformSegueTests */ = {
			isa = PBXGroup;
			children = (
				83BA1702228E2162002495D7 /* DesafioPerformSegueTests.swift */,
				83BA1704228E2162002495D7 /* Info.plist */,
			);
			path = DesafioPerformSegueTests;
			sourceTree = "<group>";
		};
		83BA170C228E2162002495D7 /* DesafioPerformSegueUITests */ = {
			isa = PBXGroup;
			children = (
				83BA170D228E2162002495D7 /* DesafioPerformSegueUITests.swift */,
				83BA170F228E2162002495D7 /* Info.plist */,
			);
			path = DesafioPerformSegueUITests;
			sourceTree = "<group>";
		};
/* End PBXGroup section */

/* Begin PBXNativeTarget section */
		83BA16E9228E2161002495D7 /* DesafioPerformSegue */ = {
			isa = PBXNativeTarget;
			buildConfigurationList = 83BA1712228E2162002495D7 /* Build configuration list for PBXNativeTarget "DesafioPerformSegue" */;
			buildPhases = (
				83BA16E6228E2161002495D7 /* Sources */,
				83BA16E7228E2161002495D7 /* Frameworks */,
				83BA16E8228E2161002495D7 /* Resources */,
			);
			buildRules = (
			);
			dependencies = (
			);
			name = DesafioPerformSegue;
			productName = DesafioPerformSegue;
			productReference = 83BA16EA228E2161002495D7 /* DesafioPerformSegue.app */;
			productType = "com.apple.product-type.application";
		};
		83BA16FD228E2162002495D7 /* DesafioPerformSegueTests */ = {
			isa = PBXNativeTarget;
			buildConfigurationList = 83BA1715228E2162002495D7 /* Build configuration list for PBXNativeTarget "DesafioPerformSegueTests" */;
			buildPhases = (
				83BA16FA228E2162002495D7 /* Sources */,
				83BA16FB228E2162002495D7 /* Frameworks */,
				83BA16FC228E2162002495D7 /* Resources */,
			);
			buildRules = (
			);
			dependencies = (
				83BA1700228E2162002495D7 /* PBXTargetDependency */,
			);
			name = DesafioPerformSegueTests;
			productName = DesafioPerformSegueTests;
			productReference = 83BA16FE228E2162002495D7 /* DesafioPerformSegueTests.xctest */;
			productType = "com.apple.product-type.bundle.unit-test";
		};
		83BA1708228E2162002495D7 /* DesafioPerformSegueUITests */ = {
			isa = PBXNativeTarget;
			buildConfigurationList = 83BA1718228E2162002495D7 /* Build configuration list for PBXNativeTarget "DesafioPerformSegueUITests" */;
			buildPhases = (
				83BA1705228E2162002495D7 /* Sources */,
				83BA1706228E2162002495D7 /* Frameworks */,
				83BA1707228E2162002495D7 /* Resources */,
			);
			buildRules = (
			);
			dependencies = (
				83BA170B228E2162002495D7 /* PBXTargetDependency */,
			);
			name = DesafioPerformSegueUITests;
			productName = DesafioPerformSegueUITests;
			productReference = 83BA1709228E2162002495D7 /* DesafioPerformSegueUITests.xctest */;
			productType = "com.apple.product-type.bundle.ui-testing";
		};
/* End PBXNativeTarget section */

/* Begin PBXProject section */
		83BA16E2228E2161002495D7 /* Project object */ = {
			isa = PBXProject;
			attributes = {
				LastSwiftUpdateCheck = 1020;
				LastUpgradeCheck = 1020;
				ORGANIZATIONNAME = "Thiago B Claramunt";
				TargetAttributes = {
					83BA16E9228E2161002495D7 = {
						CreatedOnToolsVersion = 10.2.1;
					};
					83BA16FD228E2162002495D7 = {
						CreatedOnToolsVersion = 10.2.1;
						TestTargetID = 83BA16E9228E2161002495D7;
					};
					83BA1708228E2162002495D7 = {
						CreatedOnToolsVersion = 10.2.1;
						TestTargetID = 83BA16E9228E2161002495D7;
					};
				};
			};
			buildConfigurationList = 83BA16E5228E2161002495D7 /* Build configuration list for PBXProject "DesafioPerformSegue" */;
			compatibilityVersion = "Xcode 9.3";
			developmentRegion = en;
			hasScannedForEncodings = 0;
			knownRegions = (
				en,
				Base,
			);
			mainGroup = 83BA16E1228E2161002495D7;
			productRefGroup = 83BA16EB228E2161002495D7 /* Products */;
			projectDirPath = "";
			projectRoot = "";
			targets = (
				83BA16E9228E2161002495D7 /* DesafioPerformSegue */,
				83BA16FD228E2162002495D7 /* DesafioPerformSegueTests */,
				83BA1708228E2162002495D7 /* DesafioPerformSegueUITests */,
			);
		};
/* End PBXProject section */

/* Begin PBXResourcesBuildPhase section */
		83BA16E8228E2161002495D7 /* Resources */ = {
			isa = PBXResourcesBuildPhase;
			buildActionMask = 2147483647;
			files = (
				83BA16F8228E2162002495D7 /* LaunchScreen.storyboard in Resources */,
				83BA16F5228E2162002495D7 /* Assets.xcassets in Resources */,
				83BA16F3228E2161002495D7 /* Main.storyboard in Resources */,
			);
			runOnlyForDeploymentPostprocessing = 0;
		};
		83BA16FC228E2162002495D7 /* Resources */ = {
			isa = PBXResourcesBuildPhase;
			buildActionMask = 2147483647;
			files = (
			);
			runOnlyForDeploymentPostprocessing = 0;
		};
		83BA1707228E2162002495D7 /* Resources */ = {
			isa = PBXResourcesBuildPhase;
			buildActionMask = 2147483647;
			files = (
			);
			runOnlyForDeploymentPostprocessing = 0;
		};
/* End PBXResourcesBuildPhase section */

/* Begin PBXSourcesBuildPhase section */
		83BA16E6228E2161002495D7 /* Sources */ = {
			isa = PBXSourcesBuildPhase;
			buildActionMask = 2147483647;
			files = (
				83BA16F0228E2161002495D7 /* ViewController.swift in Sources */,
				83BA1720228E236F002495D7 /* ThiagoViewController.swift in Sources */,
				83BA16EE228E2161002495D7 /* AppDelegate.swift in Sources */,
				83BA171C228E2363002495D7 /* TiaLaureteViewController.swift in Sources */,
				83BA171E228E236A002495D7 /* MiriamViewController.swift in Sources */,
			);
			runOnlyForDeploymentPostprocessing = 0;
		};
		83BA16FA228E2162002495D7 /* Sources */ = {
			isa = PBXSourcesBuildPhase;
			buildActionMask = 2147483647;
			files = (
				83BA1703228E2162002495D7 /* DesafioPerformSegueTests.swift in Sources */,
			);
			runOnlyForDeploymentPostprocessing = 0;
		};
		83BA1705228E2162002495D7 /* Sources */ = {
			isa = PBXSourcesBuildPhase;
			buildActionMask = 2147483647;
			files = (
				83BA170E228E2162002495D7 /* DesafioPerformSegueUITests.swift in Sources */,
			);
			runOnlyForDeploymentPostprocessing = 0;
		};
/* End PBXSourcesBuildPhase section */

/* Begin PBXTargetDependency section */
		83BA1700228E2162002495D7 /* PBXTargetDependency */ = {
			isa = PBXTargetDependency;
			target = 83BA16E9228E2161002495D7 /* DesafioPerformSegue */;
			targetProxy = 83BA16FF228E2162002495D7 /* PBXContainerItemProxy */;
		};
		83BA170B228E2162002495D7 /* PBXTargetDependency */ = {
			isa = PBXTargetDependency;
			target = 83BA16E9228E2161002495D7 /* DesafioPerformSegue */;
			targetProxy = 83BA170A228E2162002495D7 /* PBXContainerItemProxy */;
		};
/* End PBXTargetDependency section */

/* Begin PBXVariantGroup section */
		83BA16F1228E2161002495D7 /* Main.storyboard */ = {
			isa = PBXVariantGroup;
			children = (
				83BA16F2228E2161002495D7 /* Base */,
			);
			name = Main.storyboard;
			sourceTree = "<group>";
		};
		83BA16F6228E2162002495D7 /* LaunchScreen.storyboard */ = {
			isa = PBXVariantGroup;
			children = (
				83BA16F7228E2162002495D7 /* Base */,
			);
			name = LaunchScreen.storyboard;
			sourceTree = "<group>";
		};
/* End PBXVariantGroup section */

/* Begin XCBuildConfiguration section */
		83BA1710228E2162002495D7 /* Debug */ = {
			isa = XCBuildConfiguration;
			buildSettings = {
				ALWAYS_SEARCH_USER_PATHS = NO;
				CLANG_ANALYZER_NONNULL = YES;
				CLANG_ANALYZER_NUMBER_OBJECT_CONVERSION = YES_AGGRESSIVE;
				CLANG_CXX_LANGUAGE_STANDARD = "gnu++14";
				CLANG_CXX_LIBRARY = "libc++";
				CLANG_ENABLE_MODULES = YES;
				CLANG_ENABLE_OBJC_ARC = YES;
				CLANG_ENABLE_OBJC_WEAK = YES;
				CLANG_WARN_BLOCK_CAPTURE_AUTORELEASING = YES;
				CLANG_WARN_BOOL_CONVERSION = YES;
				CLANG_WARN_COMMA = YES;
				CLANG_WARN_CONSTANT_CONVERSION = YES;
				CLANG_WARN_DEPRECATED_OBJC_IMPLEMENTATIONS = YES;
				CLANG_WARN_DIRECT_OBJC_ISA_USAGE = YES_ERROR;
				CLANG_WARN_DOCUMENTATION_COMMENTS = YES;
				CLANG_WARN_EMPTY_BODY = YES;
				CLANG_WARN_ENUM_CONVERSION = YES;
				CLANG_WARN_INFINITE_RECURSION = YES;
				CLANG_WARN_INT_CONVERSION = YES;
				CLANG_WARN_NON_LITERAL_NULL_CONVERSION = YES;
				CLANG_WARN_OBJC_IMPLICIT_RETAIN_SELF = YES;
				CLANG_WARN_OBJC_LITERAL_CONVERSION = YES;
				CLANG_WARN_OBJC_ROOT_CLASS = YES_ERROR;
				CLANG_WARN_RANGE_LOOP_ANALYSIS = YES;
				CLANG_WARN_STRICT_PROTOTYPES = YES;
				CLANG_WARN_SUSPICIOUS_MOVE = YES;
				CLANG_WARN_UNGUARDED_AVAILABILITY = YES_AGGRESSIVE;
				CLANG_WARN_UNREACHABLE_CODE = YES;
				CLANG_WARN__DUPLICATE_METHOD_MATCH = YES;
				CODE_SIGN_IDENTITY = "iPhone Developer";
				COPY_PHASE_STRIP = NO;
				DEBUG_INFORMATION_FORMAT = dwarf;
				ENABLE_STRICT_OBJC_MSGSEND = YES;
				ENABLE_TESTABILITY = YES;
				GCC_C_LANGUAGE_STANDARD = gnu11;
				GCC_DYNAMIC_NO_PIC = NO;
				GCC_NO_COMMON_BLOCKS = YES;
				GCC_OPTIMIZATION_LEVEL = 0;
				GCC_PREPROCESSOR_DEFINITIONS = (
					"DEBUG=1",
					"$(inherited)",
				);
				GCC_WARN_64_TO_32_BIT_CONVERSION = YES;
				GCC_WARN_ABOUT_RETURN_TYPE = YES_ERROR;
				GCC_WARN_UNDECLARED_SELECTOR = YES;
				GCC_WARN_UNINITIALIZED_AUTOS = YES_AGGRESSIVE;
				GCC_WARN_UNUSED_FUNCTION = YES;
				GCC_WARN_UNUSED_VARIABLE = YES;
				IPHONEOS_DEPLOYMENT_TARGET = 12.2;
				MTL_ENABLE_DEBUG_INFO = INCLUDE_SOURCE;
				MTL_FAST_MATH = YES;
				ONLY_ACTIVE_ARCH = YES;
				SDKROOT = iphoneos;
				SWIFT_ACTIVE_COMPILATION_CONDITIONS = DEBUG;
				SWIFT_OPTIMIZATION_LEVEL = "-Onone";
			};
			name = Debug;
		};
		83BA1711228E2162002495D7 /* Release */ = {
			isa = XCBuildConfiguration;
			buildSettings = {
				ALWAYS_SEARCH_USER_PATHS = NO;
				CLANG_ANALYZER_NONNULL = YES;
				CLANG_ANALYZER_NUMBER_OBJECT_CONVERSION = YES_AGGRESSIVE;
				CLANG_CXX_LANGUAGE_STANDARD = "gnu++14";
				CLANG_CXX_LIBRARY = "libc++";
				CLANG_ENABLE_MODULES = YES;
				CLANG_ENABLE_OBJC_ARC = YES;
				CLANG_ENABLE_OBJC_WEAK = YES;
				CLANG_WARN_BLOCK_CAPTURE_AUTORELEASING = YES;
				CLANG_WARN_BOOL_CONVERSION = YES;
				CLANG_WARN_COMMA = YES;
				CLANG_WARN_CONSTANT_CONVERSION = YES;
				CLANG_WARN_DEPRECATED_OBJC_IMPLEMENTATIONS = YES;
				CLANG_WARN_DIRECT_OBJC_ISA_USAGE = YES_ERROR;
				CLANG_WARN_DOCUMENTATION_COMMENTS = YES;
				CLANG_WARN_EMPTY_BODY = YES;
				CLANG_WARN_ENUM_CONVERSION = YES;
				CLANG_WARN_INFINITE_RECURSION = YES;
				CLANG_WARN_INT_CONVERSION = YES;
				CLANG_WARN_NON_LITERAL_NULL_CONVERSION = YES;
				CLANG_WARN_OBJC_IMPLICIT_RETAIN_SELF = YES;
				CLANG_WARN_OBJC_LITERAL_CONVERSION = YES;
				CLANG_WARN_OBJC_ROOT_CLASS = YES_ERROR;
				CLANG_WARN_RANGE_LOOP_ANALYSIS = YES;
				CLANG_WARN_STRICT_PROTOTYPES = YES;
				CLANG_WARN_SUSPICIOUS_MOVE = YES;
				CLANG_WARN_UNGUARDED_AVAILABILITY = YES_AGGRESSIVE;
				CLANG_WARN_UNREACHABLE_CODE = YES;
				CLANG_WARN__DUPLICATE_METHOD_MATCH = YES;
				CODE_SIGN_IDENTITY = "iPhone Developer";
				COPY_PHASE_STRIP = NO;
				DEBUG_INFORMATION_FORMAT = "dwarf-with-dsym";
				ENABLE_NS_ASSERTIONS = NO;
				ENABLE_STRICT_OBJC_MSGSEND = YES;
				GCC_C_LANGUAGE_STANDARD = gnu11;
				GCC_NO_COMMON_BLOCKS = YES;
				GCC_WARN_64_TO_32_BIT_CONVERSION = YES;
				GCC_WARN_ABOUT_RETURN_TYPE = YES_ERROR;
				GCC_WARN_UNDECLARED_SELECTOR = YES;
				GCC_WARN_UNINITIALIZED_AUTOS = YES_AGGRESSIVE;
				GCC_WARN_UNUSED_FUNCTION = YES;
				GCC_WARN_UNUSED_VARIABLE = YES;
				IPHONEOS_DEPLOYMENT_TARGET = 12.2;
				MTL_ENABLE_DEBUG_INFO = NO;
				MTL_FAST_MATH = YES;
				SDKROOT = iphoneos;
				SWIFT_COMPILATION_MODE = wholemodule;
				SWIFT_OPTIMIZATION_LEVEL = "-O";
				VALIDATE_PRODUCT = YES;
			};
			name = Release;
		};
		83BA1713228E2162002495D7 /* Debug */ = {
			isa = XCBuildConfiguration;
			buildSettings = {
				ASSETCATALOG_COMPILER_APPICON_NAME = AppIcon;
				CODE_SIGN_STYLE = Automatic;
				DEVELOPMENT_TEAM = 95Y9ZH46LB;
				INFOPLIST_FILE = DesafioPerformSegue/Info.plist;
				LD_RUNPATH_SEARCH_PATHS = (
					"$(inherited)",
					"@executable_path/Frameworks",
				);
				PRODUCT_BUNDLE_IDENTIFIER = cashfly.com.br.DesafioPerformSegue;
				PRODUCT_NAME = "$(TARGET_NAME)";
				SWIFT_VERSION = 5.0;
				TARGETED_DEVICE_FAMILY = "1,2";
			};
			name = Debug;
		};
		83BA1714228E2162002495D7 /* Release */ = {
			isa = XCBuildConfiguration;
			buildSettings = {
				ASSETCATALOG_COMPILER_APPICON_NAME = AppIcon;
				CODE_SIGN_STYLE = Automatic;
				DEVELOPMENT_TEAM = 95Y9ZH46LB;
				INFOPLIST_FILE = DesafioPerformSegue/Info.plist;
				LD_RUNPATH_SEARCH_PATHS = (
					"$(inherited)",
					"@executable_path/Frameworks",
				);
				PRODUCT_BUNDLE_IDENTIFIER = cashfly.com.br.DesafioPerformSegue;
				PRODUCT_NAME = "$(TARGET_NAME)";
				SWIFT_VERSION = 5.0;
				TARGETED_DEVICE_FAMILY = "1,2";
			};
			name = Release;
		};
		83BA1716228E2162002495D7 /* Debug */ = {
			isa = XCBuildConfiguration;
			buildSettings = {
				ALWAYS_EMBED_SWIFT_STANDARD_LIBRARIES = YES;
				BUNDLE_LOADER = "$(TEST_HOST)";
				CODE_SIGN_STYLE = Automatic;
				DEVELOPMENT_TEAM = 95Y9ZH46LB;
				INFOPLIST_FILE = DesafioPerformSegueTests/Info.plist;
				LD_RUNPATH_SEARCH_PATHS = (
					"$(inherited)",
					"@executable_path/Frameworks",
					"@loader_path/Frameworks",
				);
				PRODUCT_BUNDLE_IDENTIFIER = cashfly.com.br.DesafioPerformSegueTests;
				PRODUCT_NAME = "$(TARGET_NAME)";
				SWIFT_VERSION = 5.0;
				TARGETED_DEVICE_FAMILY = "1,2";
				TEST_HOST = "$(BUILT_PRODUCTS_DIR)/DesafioPerformSegue.app/DesafioPerformSegue";
			};
			name = Debug;
		};
		83BA1717228E2162002495D7 /* Release */ = {
			isa = XCBuildConfiguration;
			buildSettings = {
				ALWAYS_EMBED_SWIFT_STANDARD_LIBRARIES = YES;
				BUNDLE_LOADER = "$(TEST_HOST)";
				CODE_SIGN_STYLE = Automatic;
				DEVELOPMENT_TEAM = 95Y9ZH46LB;
				INFOPLIST_FILE = DesafioPerformSegueTests/Info.plist;
				LD_RUNPATH_SEARCH_PATHS = (
					"$(inherited)",
					"@executable_path/Frameworks",
					"@loader_path/Frameworks",
				);
				PRODUCT_BUNDLE_IDENTIFIER = cashfly.com.br.DesafioPerformSegueTests;
				PRODUCT_NAME = "$(TARGET_NAME)";
				SWIFT_VERSION = 5.0;
				TARGETED_DEVICE_FAMILY = "1,2";
				TEST_HOST = "$(BUILT_PRODUCTS_DIR)/DesafioPerformSegue.app/DesafioPerformSegue";
			};
			name = Release;
		};
		83BA1719228E2162002495D7 /* Debug */ = {
			isa = XCBuildConfiguration;
			buildSettings = {
				ALWAYS_EMBED_SWIFT_STANDARD_LIBRARIES = YES;
				CODE_SIGN_STYLE = Automatic;
				DEVELOPMENT_TEAM = 95Y9ZH46LB;
				INFOPLIST_FILE = DesafioPerformSegueUITests/Info.plist;
				LD_RUNPATH_SEARCH_PATHS = (
					"$(inherited)",
					"@executable_path/Frameworks",
					"@loader_path/Frameworks",
				);
				PRODUCT_BUNDLE_IDENTIFIER = cashfly.com.br.DesafioPerformSegueUITests;
				PRODUCT_NAME = "$(TARGET_NAME)";
				SWIFT_VERSION = 5.0;
				TARGETED_DEVICE_FAMILY = "1,2";
				TEST_TARGET_NAME = DesafioPerformSegue;
			};
			name = Debug;
		};
		83BA171A228E2162002495D7 /* Release */ = {
			isa = XCBuildConfiguration;
			buildSettings = {
				ALWAYS_EMBED_SWIFT_STANDARD_LIBRARIES = YES;
				CODE_SIGN_STYLE = Automatic;
				DEVELOPMENT_TEAM = 95Y9ZH46LB;
				INFOPLIST_FILE = DesafioPerformSegueUITests/Info.plist;
				LD_RUNPATH_SEARCH_PATHS = (
					"$(inherited)",
					"@executable_path/Frameworks",
					"@loader_path/Frameworks",
				);
				PRODUCT_BUNDLE_IDENTIFIER = cashfly.com.br.DesafioPerformSegueUITests;
				PRODUCT_NAME = "$(TARGET_NAME)";
				SWIFT_VERSION = 5.0;
				TARGETED_DEVICE_FAMILY = "1,2";
				TEST_TARGET_NAME = DesafioPerformSegue;
			};
			name = Release;
		};
/* End XCBuildConfiguration section */

/* Begin XCConfigurationList section */
		83BA16E5228E2161002495D7 /* Build configuration list for PBXProject "DesafioPerformSegue" */ = {
			isa = XCConfigurationList;
			buildConfigurations = (
				83BA1710228E2162002495D7 /* Debug */,
				83BA1711228E2162002495D7 /* Release */,
			);
			defaultConfigurationIsVisible = 0;
			defaultConfigurationName = Release;
		};
		83BA1712228E2162002495D7 /* Build configuration list for PBXNativeTarget "DesafioPerformSegue" */ = {
			isa = XCConfigurationList;
			buildConfigurations = (
				83BA1713228E2162002495D7 /* Debug */,
				83BA1714228E2162002495D7 /* Release */,
			);
			defaultConfigurationIsVisible = 0;
			defaultConfigurationName = Release;
		};
		83BA1715228E2162002495D7 /* Build configuration list for PBXNativeTarget "DesafioPerformSegueTests" */ = {
			isa = XCConfigurationList;
			buildConfigurations = (
				83BA1716228E2162002495D7 /* Debug */,
				83BA1717228E2162002495D7 /* Release */,
			);
			defaultConfigurationIsVisible = 0;
			defaultConfigurationName = Release;
		};
		83BA1718228E2162002495D7 /* Build configuration list for PBXNativeTarget "DesafioPerformSegueUITests" */ = {
			isa = XCConfigurationList;
			buildConfigurations = (
				83BA1719228E2162002495D7 /* Debug */,
				83BA171A228E2162002495D7 /* Release */,
			);
			defaultConfigurationIsVisible = 0;
			defaultConfigurationName = Release;
		};
/* End XCConfigurationList section */
	};
	rootObject = 83BA16E2228E2161002495D7 /* Project object */;
}
