// !$*UTF8*$!
{
	archiveVersion = 1;
	classes = {
	};
	objectVersion = 50;
	objects = {

/* Begin PBXBuildFile section */
		83408D3B228707C800D976D3 /* AppDelegate.swift in Sources */ = {isa = PBXBuildFile; fileRef = 83408D3A228707C800D976D3 /* AppDelegate.swift */; };
		83408D3D228707C800D976D3 /* ViewController.swift in Sources */ = {isa = PBXBuildFile; fileRef = 83408D3C228707C800D976D3 /* ViewController.swift */; };
		83408D40228707C800D976D3 /* Main.storyboard in Resources */ = {isa = PBXBuildFile; fileRef = 83408D3E228707C800D976D3 /* Main.storyboard */; };
		83408D42228707C900D976D3 /* Assets.xcassets in Resources */ = {isa = PBXBuildFile; fileRef = 83408D41228707C900D976D3 /* Assets.xcassets */; };
		83408D45228707C900D976D3 /* LaunchScreen.storyboard in Resources */ = {isa = PBXBuildFile; fileRef = 83408D43228707C900D976D3 /* LaunchScreen.storyboard */; };
		83408D50228707C900D976D3 /* UITextFieldTests.swift in Sources */ = {isa = PBXBuildFile; fileRef = 83408D4F228707C900D976D3 /* UITextFieldTests.swift */; };
		83408D5B228707C900D976D3 /* UITextFieldUITests.swift in Sources */ = {isa = PBXBuildFile; fileRef = 83408D5A228707C900D976D3 /* UITextFieldUITests.swift */; };
/* End PBXBuildFile section */

/* Begin PBXContainerItemProxy section */
		83408D4C228707C900D976D3 /* PBXContainerItemProxy */ = {
			isa = PBXContainerItemProxy;
			containerPortal = 83408D2F228707C800D976D3 /* Project object */;
			proxyType = 1;
			remoteGlobalIDString = 83408D36228707C800D976D3;
			remoteInfo = UITextField;
		};
		83408D57228707C900D976D3 /* PBXContainerItemProxy */ = {
			isa = PBXContainerItemProxy;
			containerPortal = 83408D2F228707C800D976D3 /* Project object */;
			proxyType = 1;
			remoteGlobalIDString = 83408D36228707C800D976D3;
			remoteInfo = UITextField;
		};
/* End PBXContainerItemProxy section */

/* Begin PBXFileReference section */
		83408D37228707C800D976D3 /* UITextField.app */ = {isa = PBXFileReference; explicitFileType = wrapper.application; includeInIndex = 0; path = UITextField.app; sourceTree = BUILT_PRODUCTS_DIR; };
		83408D3A228707C800D976D3 /* AppDelegate.swift */ = {isa = PBXFileReference; lastKnownFileType = sourcecode.swift; path = AppDelegate.swift; sourceTree = "<group>"; };
		83408D3C228707C800D976D3 /* ViewController.swift */ = {isa = PBXFileReference; lastKnownFileType = sourcecode.swift; path = ViewController.swift; sourceTree = "<group>"; };
		83408D3F228707C800D976D3 /* Base */ = {isa = PBXFileReference; lastKnownFileType = file.storyboard; name = Base; path = Base.lproj/Main.storyboard; sourceTree = "<group>"; };
		83408D41228707C900D976D3 /* Assets.xcassets */ = {isa = PBXFileReference; lastKnownFileType = folder.assetcatalog; path = Assets.xcassets; sourceTree = "<group>"; };
		83408D44228707C900D976D3 /* Base */ = {isa = PBXFileReference; lastKnownFileType = file.storyboard; name = Base; path = Base.lproj/LaunchScreen.storyboard; sourceTree = "<group>"; };
		83408D46228707C900D976D3 /* Info.plist */ = {isa = PBXFileReference; lastKnownFileType = text.plist.xml; path = Info.plist; sourceTree = "<group>"; };
		83408D4B228707C900D976D3 /* UITextFieldTests.xctest */ = {isa = PBXFileReference; explicitFileType = wrapper.cfbundle; includeInIndex = 0; path = UITextFieldTests.xctest; sourceTree = BUILT_PRODUCTS_DIR; };
		83408D4F228707C900D976D3 /* UITextFieldTests.swift */ = {isa = PBXFileReference; lastKnownFileType = sourcecode.swift; path = UITextFieldTests.swift; sourceTree = "<group>"; };
		83408D51228707C900D976D3 /* Info.plist */ = {isa = PBXFileReference; lastKnownFileType = text.plist.xml; path = Info.plist; sourceTree = "<group>"; };
		83408D56228707C900D976D3 /* UITextFieldUITests.xctest */ = {isa = PBXFileReference; explicitFileType = wrapper.cfbundle; includeInIndex = 0; path = UITextFieldUITests.xctest; sourceTree = BUILT_PRODUCTS_DIR; };
		83408D5A228707C900D976D3 /* UITextFieldUITests.swift */ = {isa = PBXFileReference; lastKnownFileType = sourcecode.swift; path = UITextFieldUITests.swift; sourceTree = "<group>"; };
		83408D5C228707C900D976D3 /* Info.plist */ = {isa = PBXFileReference; lastKnownFileType = text.plist.xml; path = Info.plist; sourceTree = "<group>"; };
/* End PBXFileReference section */

/* Begin PBXFrameworksBuildPhase section */
		83408D34228707C800D976D3 /* Frameworks */ = {
			isa = PBXFrameworksBuildPhase;
			buildActionMask = 2147483647;
			files = (
			);
			runOnlyForDeploymentPostprocessing = 0;
		};
		83408D48228707C900D976D3 /* Frameworks */ = {
			isa = PBXFrameworksBuildPhase;
			buildActionMask = 2147483647;
			files = (
			);
			runOnlyForDeploymentPostprocessing = 0;
		};
		83408D53228707C900D976D3 /* Frameworks */ = {
			isa = PBXFrameworksBuildPhase;
			buildActionMask = 2147483647;
			files = (
			);
			runOnlyForDeploymentPostprocessing = 0;
		};
/* End PBXFrameworksBuildPhase section */

/* Begin PBXGroup section */
		83408D2E228707C800D976D3 = {
			isa = PBXGroup;
			children = (
				83408D39228707C800D976D3 /* UITextField */,
				83408D4E228707C900D976D3 /* UITextFieldTests */,
				83408D59228707C900D976D3 /* UITextFieldUITests */,
				83408D38228707C800D976D3 /* Products */,
			);
			sourceTree = "<group>";
		};
		83408D38228707C800D976D3 /* Products */ = {
			isa = PBXGroup;
			children = (
				83408D37228707C800D976D3 /* UITextField.app */,
				83408D4B228707C900D976D3 /* UITextFieldTests.xctest */,
				83408D56228707C900D976D3 /* UITextFieldUITests.xctest */,
			);
			name = Products;
			sourceTree = "<group>";
		};
		83408D39228707C800D976D3 /* UITextField */ = {
			isa = PBXGroup;
			children = (
				83408D3A228707C800D976D3 /* AppDelegate.swift */,
				83408D3C228707C800D976D3 /* ViewController.swift */,
				83408D3E228707C800D976D3 /* Main.storyboard */,
				83408D41228707C900D976D3 /* Assets.xcassets */,
				83408D43228707C900D976D3 /* LaunchScreen.storyboard */,
				83408D46228707C900D976D3 /* Info.plist */,
			);
			path = UITextField;
			sourceTree = "<group>";
		};
		83408D4E228707C900D976D3 /* UITextFieldTests */ = {
			isa = PBXGroup;
			children = (
				83408D4F228707C900D976D3 /* UITextFieldTests.swift */,
				83408D51228707C900D976D3 /* Info.plist */,
			);
			path = UITextFieldTests;
			sourceTree = "<group>";
		};
		83408D59228707C900D976D3 /* UITextFieldUITests */ = {
			isa = PBXGroup;
			children = (
				83408D5A228707C900D976D3 /* UITextFieldUITests.swift */,
				83408D5C228707C900D976D3 /* Info.plist */,
			);
			path = UITextFieldUITests;
			sourceTree = "<group>";
		};
/* End PBXGroup section */

/* Begin PBXNativeTarget section */
		83408D36228707C800D976D3 /* UITextField */ = {
			isa = PBXNativeTarget;
			buildConfigurationList = 83408D5F228707C900D976D3 /* Build configuration list for PBXNativeTarget "UITextField" */;
			buildPhases = (
				83408D33228707C800D976D3 /* Sources */,
				83408D34228707C800D976D3 /* Frameworks */,
				83408D35228707C800D976D3 /* Resources */,
			);
			buildRules = (
			);
			dependencies = (
			);
			name = UITextField;
			productName = UITextField;
			productReference = 83408D37228707C800D976D3 /* UITextField.app */;
			productType = "com.apple.product-type.application";
		};
		83408D4A228707C900D976D3 /* UITextFieldTests */ = {
			isa = PBXNativeTarget;
			buildConfigurationList = 83408D62228707C900D976D3 /* Build configuration list for PBXNativeTarget "UITextFieldTests" */;
			buildPhases = (
				83408D47228707C900D976D3 /* Sources */,
				83408D48228707C900D976D3 /* Frameworks */,
				83408D49228707C900D976D3 /* Resources */,
			);
			buildRules = (
			);
			dependencies = (
				83408D4D228707C900D976D3 /* PBXTargetDependency */,
			);
			name = UITextFieldTests;
			productName = UITextFieldTests;
			productReference = 83408D4B228707C900D976D3 /* UITextFieldTests.xctest */;
			productType = "com.apple.product-type.bundle.unit-test";
		};
		83408D55228707C900D976D3 /* UITextFieldUITests */ = {
			isa = PBXNativeTarget;
			buildConfigurationList = 83408D65228707C900D976D3 /* Build configuration list for PBXNativeTarget "UITextFieldUITests" */;
			buildPhases = (
				83408D52228707C900D976D3 /* Sources */,
				83408D53228707C900D976D3 /* Frameworks */,
				83408D54228707C900D976D3 /* Resources */,
			);
			buildRules = (
			);
			dependencies = (
				83408D58228707C900D976D3 /* PBXTargetDependency */,
			);
			name = UITextFieldUITests;
			productName = UITextFieldUITests;
			productReference = 83408D56228707C900D976D3 /* UITextFieldUITests.xctest */;
			productType = "com.apple.product-type.bundle.ui-testing";
		};
/* End PBXNativeTarget section */

/* Begin PBXProject section */
		83408D2F228707C800D976D3 /* Project object */ = {
			isa = PBXProject;
			attributes = {
				LastSwiftUpdateCheck = 1020;
				LastUpgradeCheck = 1020;
				ORGANIZATIONNAME = "Thiago B Claramunt";
				TargetAttributes = {
					83408D36228707C800D976D3 = {
						CreatedOnToolsVersion = 10.2.1;
					};
					83408D4A228707C900D976D3 = {
						CreatedOnToolsVersion = 10.2.1;
						TestTargetID = 83408D36228707C800D976D3;
					};
					83408D55228707C900D976D3 = {
						CreatedOnToolsVersion = 10.2.1;
						TestTargetID = 83408D36228707C800D976D3;
					};
				};
			};
			buildConfigurationList = 83408D32228707C800D976D3 /* Build configuration list for PBXProject "UITextField" */;
			compatibilityVersion = "Xcode 9.3";
			developmentRegion = en;
			hasScannedForEncodings = 0;
			knownRegions = (
				en,
				Base,
			);
			mainGroup = 83408D2E228707C800D976D3;
			productRefGroup = 83408D38228707C800D976D3 /* Products */;
			projectDirPath = "";
			projectRoot = "";
			targets = (
				83408D36228707C800D976D3 /* UITextField */,
				83408D4A228707C900D976D3 /* UITextFieldTests */,
				83408D55228707C900D976D3 /* UITextFieldUITests */,
			);
		};
/* End PBXProject section */

/* Begin PBXResourcesBuildPhase section */
		83408D35228707C800D976D3 /* Resources */ = {
			isa = PBXResourcesBuildPhase;
			buildActionMask = 2147483647;
			files = (
				83408D45228707C900D976D3 /* LaunchScreen.storyboard in Resources */,
				83408D42228707C900D976D3 /* Assets.xcassets in Resources */,
				83408D40228707C800D976D3 /* Main.storyboard in Resources */,
			);
			runOnlyForDeploymentPostprocessing = 0;
		};
		83408D49228707C900D976D3 /* Resources */ = {
			isa = PBXResourcesBuildPhase;
			buildActionMask = 2147483647;
			files = (
			);
			runOnlyForDeploymentPostprocessing = 0;
		};
		83408D54228707C900D976D3 /* Resources */ = {
			isa = PBXResourcesBuildPhase;
			buildActionMask = 2147483647;
			files = (
			);
			runOnlyForDeploymentPostprocessing = 0;
		};
/* End PBXResourcesBuildPhase section */

/* Begin PBXSourcesBuildPhase section */
		83408D33228707C800D976D3 /* Sources */ = {
			isa = PBXSourcesBuildPhase;
			buildActionMask = 2147483647;
			files = (
				83408D3D228707C800D976D3 /* ViewController.swift in Sources */,
				83408D3B228707C800D976D3 /* AppDelegate.swift in Sources */,
			);
			runOnlyForDeploymentPostprocessing = 0;
		};
		83408D47228707C900D976D3 /* Sources */ = {
			isa = PBXSourcesBuildPhase;
			buildActionMask = 2147483647;
			files = (
				83408D50228707C900D976D3 /* UITextFieldTests.swift in Sources */,
			);
			runOnlyForDeploymentPostprocessing = 0;
		};
		83408D52228707C900D976D3 /* Sources */ = {
			isa = PBXSourcesBuildPhase;
			buildActionMask = 2147483647;
			files = (
				83408D5B228707C900D976D3 /* UITextFieldUITests.swift in Sources */,
			);
			runOnlyForDeploymentPostprocessing = 0;
		};
/* End PBXSourcesBuildPhase section */

/* Begin PBXTargetDependency section */
		83408D4D228707C900D976D3 /* PBXTargetDependency */ = {
			isa = PBXTargetDependency;
			target = 83408D36228707C800D976D3 /* UITextField */;
			targetProxy = 83408D4C228707C900D976D3 /* PBXContainerItemProxy */;
		};
		83408D58228707C900D976D3 /* PBXTargetDependency */ = {
			isa = PBXTargetDependency;
			target = 83408D36228707C800D976D3 /* UITextField */;
			targetProxy = 83408D57228707C900D976D3 /* PBXContainerItemProxy */;
		};
/* End PBXTargetDependency section */

/* Begin PBXVariantGroup section */
		83408D3E228707C800D976D3 /* Main.storyboard */ = {
			isa = PBXVariantGroup;
			children = (
				83408D3F228707C800D976D3 /* Base */,
			);
			name = Main.storyboard;
			sourceTree = "<group>";
		};
		83408D43228707C900D976D3 /* LaunchScreen.storyboard */ = {
			isa = PBXVariantGroup;
			children = (
				83408D44228707C900D976D3 /* Base */,
			);
			name = LaunchScreen.storyboard;
			sourceTree = "<group>";
		};
/* End PBXVariantGroup section */

/* Begin XCBuildConfiguration section */
		83408D5D228707C900D976D3 /* Debug */ = {
			isa = XCBuildConfiguration;
			buildSettings = {
				ALWAYS_SEARCH_USER_PATHS = NO;
				CLANG_ANALYZER_NONNULL = YES;
				CLANG_ANALYZER_NUMBER_OBJECT_CONVERSION = YES_AGGRESSIVE;
				CLANG_CXX_LANGUAGE_STANDARD = "gnu++14";
				CLANG_CXX_LIBRARY = "libc++";
				CLANG_ENABLE_MODULES = YES;
				CLANG_ENABLE_OBJC_ARC = YES;
				CLANG_ENABLE_OBJC_WEAK = YES;
				CLANG_WARN_BLOCK_CAPTURE_AUTORELEASING = YES;
				CLANG_WARN_BOOL_CONVERSION = YES;
				CLANG_WARN_COMMA = YES;
				CLANG_WARN_CONSTANT_CONVERSION = YES;
				CLANG_WARN_DEPRECATED_OBJC_IMPLEMENTATIONS = YES;
				CLANG_WARN_DIRECT_OBJC_ISA_USAGE = YES_ERROR;
				CLANG_WARN_DOCUMENTATION_COMMENTS = YES;
				CLANG_WARN_EMPTY_BODY = YES;
				CLANG_WARN_ENUM_CONVERSION = YES;
				CLANG_WARN_INFINITE_RECURSION = YES;
				CLANG_WARN_INT_CONVERSION = YES;
				CLANG_WARN_NON_LITERAL_NULL_CONVERSION = YES;
				CLANG_WARN_OBJC_IMPLICIT_RETAIN_SELF = YES;
				CLANG_WARN_OBJC_LITERAL_CONVERSION = YES;
				CLANG_WARN_OBJC_ROOT_CLASS = YES_ERROR;
				CLANG_WARN_RANGE_LOOP_ANALYSIS = YES;
				CLANG_WARN_STRICT_PROTOTYPES = YES;
				CLANG_WARN_SUSPICIOUS_MOVE = YES;
				CLANG_WARN_UNGUARDED_AVAILABILITY = YES_AGGRESSIVE;
				CLANG_WARN_UNREACHABLE_CODE = YES;
				CLANG_WARN__DUPLICATE_METHOD_MATCH = YES;
				CODE_SIGN_IDENTITY = "iPhone Developer";
				COPY_PHASE_STRIP = NO;
				DEBUG_INFORMATION_FORMAT = dwarf;
				ENABLE_STRICT_OBJC_MSGSEND = YES;
				ENABLE_TESTABILITY = YES;
				GCC_C_LANGUAGE_STANDARD = gnu11;
				GCC_DYNAMIC_NO_PIC = NO;
				GCC_NO_COMMON_BLOCKS = YES;
				GCC_OPTIMIZATION_LEVEL = 0;
				GCC_PREPROCESSOR_DEFINITIONS = (
					"DEBUG=1",
					"$(inherited)",
				);
				GCC_WARN_64_TO_32_BIT_CONVERSION = YES;
				GCC_WARN_ABOUT_RETURN_TYPE = YES_ERROR;
				GCC_WARN_UNDECLARED_SELECTOR = YES;
				GCC_WARN_UNINITIALIZED_AUTOS = YES_AGGRESSIVE;
				GCC_WARN_UNUSED_FUNCTION = YES;
				GCC_WARN_UNUSED_VARIABLE = YES;
				IPHONEOS_DEPLOYMENT_TARGET = 12.2;
				MTL_ENABLE_DEBUG_INFO = INCLUDE_SOURCE;
				MTL_FAST_MATH = YES;
				ONLY_ACTIVE_ARCH = YES;
				SDKROOT = iphoneos;
				SWIFT_ACTIVE_COMPILATION_CONDITIONS = DEBUG;
				SWIFT_OPTIMIZATION_LEVEL = "-Onone";
			};
			name = Debug;
		};
		83408D5E228707C900D976D3 /* Release */ = {
			isa = XCBuildConfiguration;
			buildSettings = {
				ALWAYS_SEARCH_USER_PATHS = NO;
				CLANG_ANALYZER_NONNULL = YES;
				CLANG_ANALYZER_NUMBER_OBJECT_CONVERSION = YES_AGGRESSIVE;
				CLANG_CXX_LANGUAGE_STANDARD = "gnu++14";
				CLANG_CXX_LIBRARY = "libc++";
				CLANG_ENABLE_MODULES = YES;
				CLANG_ENABLE_OBJC_ARC = YES;
				CLANG_ENABLE_OBJC_WEAK = YES;
				CLANG_WARN_BLOCK_CAPTURE_AUTORELEASING = YES;
				CLANG_WARN_BOOL_CONVERSION = YES;
				CLANG_WARN_COMMA = YES;
				CLANG_WARN_CONSTANT_CONVERSION = YES;
				CLANG_WARN_DEPRECATED_OBJC_IMPLEMENTATIONS = YES;
				CLANG_WARN_DIRECT_OBJC_ISA_USAGE = YES_ERROR;
				CLANG_WARN_DOCUMENTATION_COMMENTS = YES;
				CLANG_WARN_EMPTY_BODY = YES;
				CLANG_WARN_ENUM_CONVERSION = YES;
				CLANG_WARN_INFINITE_RECURSION = YES;
				CLANG_WARN_INT_CONVERSION = YES;
				CLANG_WARN_NON_LITERAL_NULL_CONVERSION = YES;
				CLANG_WARN_OBJC_IMPLICIT_RETAIN_SELF = YES;
				CLANG_WARN_OBJC_LITERAL_CONVERSION = YES;
				CLANG_WARN_OBJC_ROOT_CLASS = YES_ERROR;
				CLANG_WARN_RANGE_LOOP_ANALYSIS = YES;
				CLANG_WARN_STRICT_PROTOTYPES = YES;
				CLANG_WARN_SUSPICIOUS_MOVE = YES;
				CLANG_WARN_UNGUARDED_AVAILABILITY = YES_AGGRESSIVE;
				CLANG_WARN_UNREACHABLE_CODE = YES;
				CLANG_WARN__DUPLICATE_METHOD_MATCH = YES;
				CODE_SIGN_IDENTITY = "iPhone Developer";
				COPY_PHASE_STRIP = NO;
				DEBUG_INFORMATION_FORMAT = "dwarf-with-dsym";
				ENABLE_NS_ASSERTIONS = NO;
				ENABLE_STRICT_OBJC_MSGSEND = YES;
				GCC_C_LANGUAGE_STANDARD = gnu11;
				GCC_NO_COMMON_BLOCKS = YES;
				GCC_WARN_64_TO_32_BIT_CONVERSION = YES;
				GCC_WARN_ABOUT_RETURN_TYPE = YES_ERROR;
				GCC_WARN_UNDECLARED_SELECTOR = YES;
				GCC_WARN_UNINITIALIZED_AUTOS = YES_AGGRESSIVE;
				GCC_WARN_UNUSED_FUNCTION = YES;
				GCC_WARN_UNUSED_VARIABLE = YES;
				IPHONEOS_DEPLOYMENT_TARGET = 12.2;
				MTL_ENABLE_DEBUG_INFO = NO;
				MTL_FAST_MATH = YES;
				SDKROOT = iphoneos;
				SWIFT_COMPILATION_MODE = wholemodule;
				SWIFT_OPTIMIZATION_LEVEL = "-O";
				VALIDATE_PRODUCT = YES;
			};
			name = Release;
		};
		83408D60228707C900D976D3 /* Debug */ = {
			isa = XCBuildConfiguration;
			buildSettings = {
				ASSETCATALOG_COMPILER_APPICON_NAME = AppIcon;
				CODE_SIGN_STYLE = Automatic;
				DEVELOPMENT_TEAM = 95Y9ZH46LB;
				INFOPLIST_FILE = UITextField/Info.plist;
				LD_RUNPATH_SEARCH_PATHS = (
					"$(inherited)",
					"@executable_path/Frameworks",
				);
				PRODUCT_BUNDLE_IDENTIFIER = cashfly.com.br.UITextField;
				PRODUCT_NAME = "$(TARGET_NAME)";
				SWIFT_VERSION = 5.0;
				TARGETED_DEVICE_FAMILY = "1,2";
			};
			name = Debug;
		};
		83408D61228707C900D976D3 /* Release */ = {
			isa = XCBuildConfiguration;
			buildSettings = {
				ASSETCATALOG_COMPILER_APPICON_NAME = AppIcon;
				CODE_SIGN_STYLE = Automatic;
				DEVELOPMENT_TEAM = 95Y9ZH46LB;
				INFOPLIST_FILE = UITextField/Info.plist;
				LD_RUNPATH_SEARCH_PATHS = (
					"$(inherited)",
					"@executable_path/Frameworks",
				);
				PRODUCT_BUNDLE_IDENTIFIER = cashfly.com.br.UITextField;
				PRODUCT_NAME = "$(TARGET_NAME)";
				SWIFT_VERSION = 5.0;
				TARGETED_DEVICE_FAMILY = "1,2";
			};
			name = Release;
		};
		83408D63228707C900D976D3 /* Debug */ = {
			isa = XCBuildConfiguration;
			buildSettings = {
				ALWAYS_EMBED_SWIFT_STANDARD_LIBRARIES = YES;
				BUNDLE_LOADER = "$(TEST_HOST)";
				CODE_SIGN_STYLE = Automatic;
				DEVELOPMENT_TEAM = 95Y9ZH46LB;
				INFOPLIST_FILE = UITextFieldTests/Info.plist;
				LD_RUNPATH_SEARCH_PATHS = (
					"$(inherited)",
					"@executable_path/Frameworks",
					"@loader_path/Frameworks",
				);
				PRODUCT_BUNDLE_IDENTIFIER = cashfly.com.br.UITextFieldTests;
				PRODUCT_NAME = "$(TARGET_NAME)";
				SWIFT_VERSION = 5.0;
				TARGETED_DEVICE_FAMILY = "1,2";
				TEST_HOST = "$(BUILT_PRODUCTS_DIR)/UITextField.app/UITextField";
			};
			name = Debug;
		};
		83408D64228707C900D976D3 /* Release */ = {
			isa = XCBuildConfiguration;
			buildSettings = {
				ALWAYS_EMBED_SWIFT_STANDARD_LIBRARIES = YES;
				BUNDLE_LOADER = "$(TEST_HOST)";
				CODE_SIGN_STYLE = Automatic;
				DEVELOPMENT_TEAM = 95Y9ZH46LB;
				INFOPLIST_FILE = UITextFieldTests/Info.plist;
				LD_RUNPATH_SEARCH_PATHS = (
					"$(inherited)",
					"@executable_path/Frameworks",
					"@loader_path/Frameworks",
				);
				PRODUCT_BUNDLE_IDENTIFIER = cashfly.com.br.UITextFieldTests;
				PRODUCT_NAME = "$(TARGET_NAME)";
				SWIFT_VERSION = 5.0;
				TARGETED_DEVICE_FAMILY = "1,2";
				TEST_HOST = "$(BUILT_PRODUCTS_DIR)/UITextField.app/UITextField";
			};
			name = Release;
		};
		83408D66228707C900D976D3 /* Debug */ = {
			isa = XCBuildConfiguration;
			buildSettings = {
				ALWAYS_EMBED_SWIFT_STANDARD_LIBRARIES = YES;
				CODE_SIGN_STYLE = Automatic;
				DEVELOPMENT_TEAM = 95Y9ZH46LB;
				INFOPLIST_FILE = UITextFieldUITests/Info.plist;
				LD_RUNPATH_SEARCH_PATHS = (
					"$(inherited)",
					"@executable_path/Frameworks",
					"@loader_path/Frameworks",
				);
				PRODUCT_BUNDLE_IDENTIFIER = cashfly.com.br.UITextFieldUITests;
				PRODUCT_NAME = "$(TARGET_NAME)";
				SWIFT_VERSION = 5.0;
				TARGETED_DEVICE_FAMILY = "1,2";
				TEST_TARGET_NAME = UITextField;
			};
			name = Debug;
		};
		83408D67228707C900D976D3 /* Release */ = {
			isa = XCBuildConfiguration;
			buildSettings = {
				ALWAYS_EMBED_SWIFT_STANDARD_LIBRARIES = YES;
				CODE_SIGN_STYLE = Automatic;
				DEVELOPMENT_TEAM = 95Y9ZH46LB;
				INFOPLIST_FILE = UITextFieldUITests/Info.plist;
				LD_RUNPATH_SEARCH_PATHS = (
					"$(inherited)",
					"@executable_path/Frameworks",
					"@loader_path/Frameworks",
				);
				PRODUCT_BUNDLE_IDENTIFIER = cashfly.com.br.UITextFieldUITests;
				PRODUCT_NAME = "$(TARGET_NAME)";
				SWIFT_VERSION = 5.0;
				TARGETED_DEVICE_FAMILY = "1,2";
				TEST_TARGET_NAME = UITextField;
			};
			name = Release;
		};
/* End XCBuildConfiguration section */

/* Begin XCConfigurationList section */
		83408D32228707C800D976D3 /* Build configuration list for PBXProject "UITextField" */ = {
			isa = XCConfigurationList;
			buildConfigurations = (
				83408D5D228707C900D976D3 /* Debug */,
				83408D5E228707C900D976D3 /* Release */,
			);
			defaultConfigurationIsVisible = 0;
			defaultConfigurationName = Release;
		};
		83408D5F228707C900D976D3 /* Build configuration list for PBXNativeTarget "UITextField" */ = {
			isa = XCConfigurationList;
			buildConfigurations = (
				83408D60228707C900D976D3 /* Debug */,
				83408D61228707C900D976D3 /* Release */,
			);
			defaultConfigurationIsVisible = 0;
			defaultConfigurationName = Release;
		};
		83408D62228707C900D976D3 /* Build configuration list for PBXNativeTarget "UITextFieldTests" */ = {
			isa = XCConfigurationList;
			buildConfigurations = (
				83408D63228707C900D976D3 /* Debug */,
				83408D64228707C900D976D3 /* Release */,
			);
			defaultConfigurationIsVisible = 0;
			defaultConfigurationName = Release;
		};
		83408D65228707C900D976D3 /* Build configuration list for PBXNativeTarget "UITextFieldUITests" */ = {
			isa = XCConfigurationList;
			buildConfigurations = (
				83408D66228707C900D976D3 /* Debug */,
				83408D67228707C900D976D3 /* Release */,
			);
			defaultConfigurationIsVisible = 0;
			defaultConfigurationName = Release;
		};
/* End XCConfigurationList section */
	};
	rootObject = 83408D2F228707C800D976D3 /* Project object */;
}
