// !$*UTF8*$!
{
	archiveVersion = 1;
	classes = {
	};
	objectVersion = 50;
	objects = {

/* Begin PBXBuildFile section */
		83A91926228A2BA0006FE005 /* AppDelegate.swift in Sources */ = {isa = PBXBuildFile; fileRef = 83A91925228A2BA0006FE005 /* AppDelegate.swift */; };
		83A91928228A2BA0006FE005 /* ViewController.swift in Sources */ = {isa = PBXBuildFile; fileRef = 83A91927228A2BA0006FE005 /* ViewController.swift */; };
		83A9192B228A2BA0006FE005 /* Main.storyboard in Resources */ = {isa = PBXBuildFile; fileRef = 83A91929228A2BA0006FE005 /* Main.storyboard */; };
		83A9192D228A2BA1006FE005 /* Assets.xcassets in Resources */ = {isa = PBXBuildFile; fileRef = 83A9192C228A2BA1006FE005 /* Assets.xcassets */; };
		83A91930228A2BA1006FE005 /* LaunchScreen.storyboard in Resources */ = {isa = PBXBuildFile; fileRef = 83A9192E228A2BA1006FE005 /* LaunchScreen.storyboard */; };
		83A9193B228A2BA1006FE005 /* LoginTests.swift in Sources */ = {isa = PBXBuildFile; fileRef = 83A9193A228A2BA1006FE005 /* LoginTests.swift */; };
		83A91946228A2BA1006FE005 /* LoginUITests.swift in Sources */ = {isa = PBXBuildFile; fileRef = 83A91945228A2BA1006FE005 /* LoginUITests.swift */; };
/* End PBXBuildFile section */

/* Begin PBXContainerItemProxy section */
		83A91937228A2BA1006FE005 /* PBXContainerItemProxy */ = {
			isa = PBXContainerItemProxy;
			containerPortal = 83A9191A228A2BA0006FE005 /* Project object */;
			proxyType = 1;
			remoteGlobalIDString = 83A91921228A2BA0006FE005;
			remoteInfo = Login;
		};
		83A91942228A2BA1006FE005 /* PBXContainerItemProxy */ = {
			isa = PBXContainerItemProxy;
			containerPortal = 83A9191A228A2BA0006FE005 /* Project object */;
			proxyType = 1;
			remoteGlobalIDString = 83A91921228A2BA0006FE005;
			remoteInfo = Login;
		};
/* End PBXContainerItemProxy section */

/* Begin PBXFileReference section */
		83A91922228A2BA0006FE005 /* Login.app */ = {isa = PBXFileReference; explicitFileType = wrapper.application; includeInIndex = 0; path = Login.app; sourceTree = BUILT_PRODUCTS_DIR; };
		83A91925228A2BA0006FE005 /* AppDelegate.swift */ = {isa = PBXFileReference; lastKnownFileType = sourcecode.swift; path = AppDelegate.swift; sourceTree = "<group>"; };
		83A91927228A2BA0006FE005 /* ViewController.swift */ = {isa = PBXFileReference; lastKnownFileType = sourcecode.swift; path = ViewController.swift; sourceTree = "<group>"; };
		83A9192A228A2BA0006FE005 /* Base */ = {isa = PBXFileReference; lastKnownFileType = file.storyboard; name = Base; path = Base.lproj/Main.storyboard; sourceTree = "<group>"; };
		83A9192C228A2BA1006FE005 /* Assets.xcassets */ = {isa = PBXFileReference; lastKnownFileType = folder.assetcatalog; path = Assets.xcassets; sourceTree = "<group>"; };
		83A9192F228A2BA1006FE005 /* Base */ = {isa = PBXFileReference; lastKnownFileType = file.storyboard; name = Base; path = Base.lproj/LaunchScreen.storyboard; sourceTree = "<group>"; };
		83A91931228A2BA1006FE005 /* Info.plist */ = {isa = PBXFileReference; lastKnownFileType = text.plist.xml; path = Info.plist; sourceTree = "<group>"; };
		83A91936228A2BA1006FE005 /* LoginTests.xctest */ = {isa = PBXFileReference; explicitFileType = wrapper.cfbundle; includeInIndex = 0; path = LoginTests.xctest; sourceTree = BUILT_PRODUCTS_DIR; };
		83A9193A228A2BA1006FE005 /* LoginTests.swift */ = {isa = PBXFileReference; lastKnownFileType = sourcecode.swift; path = LoginTests.swift; sourceTree = "<group>"; };
		83A9193C228A2BA1006FE005 /* Info.plist */ = {isa = PBXFileReference; lastKnownFileType = text.plist.xml; path = Info.plist; sourceTree = "<group>"; };
		83A91941228A2BA1006FE005 /* LoginUITests.xctest */ = {isa = PBXFileReference; explicitFileType = wrapper.cfbundle; includeInIndex = 0; path = LoginUITests.xctest; sourceTree = BUILT_PRODUCTS_DIR; };
		83A91945228A2BA1006FE005 /* LoginUITests.swift */ = {isa = PBXFileReference; lastKnownFileType = sourcecode.swift; path = LoginUITests.swift; sourceTree = "<group>"; };
		83A91947228A2BA1006FE005 /* Info.plist */ = {isa = PBXFileReference; lastKnownFileType = text.plist.xml; path = Info.plist; sourceTree = "<group>"; };
/* End PBXFileReference section */

/* Begin PBXFrameworksBuildPhase section */
		83A9191F228A2BA0006FE005 /* Frameworks */ = {
			isa = PBXFrameworksBuildPhase;
			buildActionMask = 2147483647;
			files = (
			);
			runOnlyForDeploymentPostprocessing = 0;
		};
		83A91933228A2BA1006FE005 /* Frameworks */ = {
			isa = PBXFrameworksBuildPhase;
			buildActionMask = 2147483647;
			files = (
			);
			runOnlyForDeploymentPostprocessing = 0;
		};
		83A9193E228A2BA1006FE005 /* Frameworks */ = {
			isa = PBXFrameworksBuildPhase;
			buildActionMask = 2147483647;
			files = (
			);
			runOnlyForDeploymentPostprocessing = 0;
		};
/* End PBXFrameworksBuildPhase section */

/* Begin PBXGroup section */
		83A91919228A2BA0006FE005 = {
			isa = PBXGroup;
			children = (
				83A91924228A2BA0006FE005 /* Login */,
				83A91939228A2BA1006FE005 /* LoginTests */,
				83A91944228A2BA1006FE005 /* LoginUITests */,
				83A91923228A2BA0006FE005 /* Products */,
			);
			sourceTree = "<group>";
		};
		83A91923228A2BA0006FE005 /* Products */ = {
			isa = PBXGroup;
			children = (
				83A91922228A2BA0006FE005 /* Login.app */,
				83A91936228A2BA1006FE005 /* LoginTests.xctest */,
				83A91941228A2BA1006FE005 /* LoginUITests.xctest */,
			);
			name = Products;
			sourceTree = "<group>";
		};
		83A91924228A2BA0006FE005 /* Login */ = {
			isa = PBXGroup;
			children = (
				83A91925228A2BA0006FE005 /* AppDelegate.swift */,
				83A91927228A2BA0006FE005 /* ViewController.swift */,
				83A91929228A2BA0006FE005 /* Main.storyboard */,
				83A9192C228A2BA1006FE005 /* Assets.xcassets */,
				83A9192E228A2BA1006FE005 /* LaunchScreen.storyboard */,
				83A91931228A2BA1006FE005 /* Info.plist */,
			);
			path = Login;
			sourceTree = "<group>";
		};
		83A91939228A2BA1006FE005 /* LoginTests */ = {
			isa = PBXGroup;
			children = (
				83A9193A228A2BA1006FE005 /* LoginTests.swift */,
				83A9193C228A2BA1006FE005 /* Info.plist */,
			);
			path = LoginTests;
			sourceTree = "<group>";
		};
		83A91944228A2BA1006FE005 /* LoginUITests */ = {
			isa = PBXGroup;
			children = (
				83A91945228A2BA1006FE005 /* LoginUITests.swift */,
				83A91947228A2BA1006FE005 /* Info.plist */,
			);
			path = LoginUITests;
			sourceTree = "<group>";
		};
/* End PBXGroup section */

/* Begin PBXNativeTarget section */
		83A91921228A2BA0006FE005 /* Login */ = {
			isa = PBXNativeTarget;
			buildConfigurationList = 83A9194A228A2BA1006FE005 /* Build configuration list for PBXNativeTarget "Login" */;
			buildPhases = (
				83A9191E228A2BA0006FE005 /* Sources */,
				83A9191F228A2BA0006FE005 /* Frameworks */,
				83A91920228A2BA0006FE005 /* Resources */,
			);
			buildRules = (
			);
			dependencies = (
			);
			name = Login;
			productName = Login;
			productReference = 83A91922228A2BA0006FE005 /* Login.app */;
			productType = "com.apple.product-type.application";
		};
		83A91935228A2BA1006FE005 /* LoginTests */ = {
			isa = PBXNativeTarget;
			buildConfigurationList = 83A9194D228A2BA1006FE005 /* Build configuration list for PBXNativeTarget "LoginTests" */;
			buildPhases = (
				83A91932228A2BA1006FE005 /* Sources */,
				83A91933228A2BA1006FE005 /* Frameworks */,
				83A91934228A2BA1006FE005 /* Resources */,
			);
			buildRules = (
			);
			dependencies = (
				83A91938228A2BA1006FE005 /* PBXTargetDependency */,
			);
			name = LoginTests;
			productName = LoginTests;
			productReference = 83A91936228A2BA1006FE005 /* LoginTests.xctest */;
			productType = "com.apple.product-type.bundle.unit-test";
		};
		83A91940228A2BA1006FE005 /* LoginUITests */ = {
			isa = PBXNativeTarget;
			buildConfigurationList = 83A91950228A2BA1006FE005 /* Build configuration list for PBXNativeTarget "LoginUITests" */;
			buildPhases = (
				83A9193D228A2BA1006FE005 /* Sources */,
				83A9193E228A2BA1006FE005 /* Frameworks */,
				83A9193F228A2BA1006FE005 /* Resources */,
			);
			buildRules = (
			);
			dependencies = (
				83A91943228A2BA1006FE005 /* PBXTargetDependency */,
			);
			name = LoginUITests;
			productName = LoginUITests;
			productReference = 83A91941228A2BA1006FE005 /* LoginUITests.xctest */;
			productType = "com.apple.product-type.bundle.ui-testing";
		};
/* End PBXNativeTarget section */

/* Begin PBXProject section */
		83A9191A228A2BA0006FE005 /* Project object */ = {
			isa = PBXProject;
			attributes = {
				LastSwiftUpdateCheck = 1020;
				LastUpgradeCheck = 1020;
				ORGANIZATIONNAME = "Thiago B Claramunt";
				TargetAttributes = {
					83A91921228A2BA0006FE005 = {
						CreatedOnToolsVersion = 10.2.1;
					};
					83A91935228A2BA1006FE005 = {
						CreatedOnToolsVersion = 10.2.1;
						TestTargetID = 83A91921228A2BA0006FE005;
					};
					83A91940228A2BA1006FE005 = {
						CreatedOnToolsVersion = 10.2.1;
						TestTargetID = 83A91921228A2BA0006FE005;
					};
				};
			};
			buildConfigurationList = 83A9191D228A2BA0006FE005 /* Build configuration list for PBXProject "Login" */;
			compatibilityVersion = "Xcode 9.3";
			developmentRegion = en;
			hasScannedForEncodings = 0;
			knownRegions = (
				en,
				Base,
			);
			mainGroup = 83A91919228A2BA0006FE005;
			productRefGroup = 83A91923228A2BA0006FE005 /* Products */;
			projectDirPath = "";
			projectRoot = "";
			targets = (
				83A91921228A2BA0006FE005 /* Login */,
				83A91935228A2BA1006FE005 /* LoginTests */,
				83A91940228A2BA1006FE005 /* LoginUITests */,
			);
		};
/* End PBXProject section */

/* Begin PBXResourcesBuildPhase section */
		83A91920228A2BA0006FE005 /* Resources */ = {
			isa = PBXResourcesBuildPhase;
			buildActionMask = 2147483647;
			files = (
				83A91930228A2BA1006FE005 /* LaunchScreen.storyboard in Resources */,
				83A9192D228A2BA1006FE005 /* Assets.xcassets in Resources */,
				83A9192B228A2BA0006FE005 /* Main.storyboard in Resources */,
			);
			runOnlyForDeploymentPostprocessing = 0;
		};
		83A91934228A2BA1006FE005 /* Resources */ = {
			isa = PBXResourcesBuildPhase;
			buildActionMask = 2147483647;
			files = (
			);
			runOnlyForDeploymentPostprocessing = 0;
		};
		83A9193F228A2BA1006FE005 /* Resources */ = {
			isa = PBXResourcesBuildPhase;
			buildActionMask = 2147483647;
			files = (
			);
			runOnlyForDeploymentPostprocessing = 0;
		};
/* End PBXResourcesBuildPhase section */

/* Begin PBXSourcesBuildPhase section */
		83A9191E228A2BA0006FE005 /* Sources */ = {
			isa = PBXSourcesBuildPhase;
			buildActionMask = 2147483647;
			files = (
				83A91928228A2BA0006FE005 /* ViewController.swift in Sources */,
				83A91926228A2BA0006FE005 /* AppDelegate.swift in Sources */,
			);
			runOnlyForDeploymentPostprocessing = 0;
		};
		83A91932228A2BA1006FE005 /* Sources */ = {
			isa = PBXSourcesBuildPhase;
			buildActionMask = 2147483647;
			files = (
				83A9193B228A2BA1006FE005 /* LoginTests.swift in Sources */,
			);
			runOnlyForDeploymentPostprocessing = 0;
		};
		83A9193D228A2BA1006FE005 /* Sources */ = {
			isa = PBXSourcesBuildPhase;
			buildActionMask = 2147483647;
			files = (
				83A91946228A2BA1006FE005 /* LoginUITests.swift in Sources */,
			);
			runOnlyForDeploymentPostprocessing = 0;
		};
/* End PBXSourcesBuildPhase section */

/* Begin PBXTargetDependency section */
		83A91938228A2BA1006FE005 /* PBXTargetDependency */ = {
			isa = PBXTargetDependency;
			target = 83A91921228A2BA0006FE005 /* Login */;
			targetProxy = 83A91937228A2BA1006FE005 /* PBXContainerItemProxy */;
		};
		83A91943228A2BA1006FE005 /* PBXTargetDependency */ = {
			isa = PBXTargetDependency;
			target = 83A91921228A2BA0006FE005 /* Login */;
			targetProxy = 83A91942228A2BA1006FE005 /* PBXContainerItemProxy */;
		};
/* End PBXTargetDependency section */

/* Begin PBXVariantGroup section */
		83A91929228A2BA0006FE005 /* Main.storyboard */ = {
			isa = PBXVariantGroup;
			children = (
				83A9192A228A2BA0006FE005 /* Base */,
			);
			name = Main.storyboard;
			sourceTree = "<group>";
		};
		83A9192E228A2BA1006FE005 /* LaunchScreen.storyboard */ = {
			isa = PBXVariantGroup;
			children = (
				83A9192F228A2BA1006FE005 /* Base */,
			);
			name = LaunchScreen.storyboard;
			sourceTree = "<group>";
		};
/* End PBXVariantGroup section */

/* Begin XCBuildConfiguration section */
		83A91948228A2BA1006FE005 /* Debug */ = {
			isa = XCBuildConfiguration;
			buildSettings = {
				ALWAYS_SEARCH_USER_PATHS = NO;
				CLANG_ANALYZER_NONNULL = YES;
				CLANG_ANALYZER_NUMBER_OBJECT_CONVERSION = YES_AGGRESSIVE;
				CLANG_CXX_LANGUAGE_STANDARD = "gnu++14";
				CLANG_CXX_LIBRARY = "libc++";
				CLANG_ENABLE_MODULES = YES;
				CLANG_ENABLE_OBJC_ARC = YES;
				CLANG_ENABLE_OBJC_WEAK = YES;
				CLANG_WARN_BLOCK_CAPTURE_AUTORELEASING = YES;
				CLANG_WARN_BOOL_CONVERSION = YES;
				CLANG_WARN_COMMA = YES;
				CLANG_WARN_CONSTANT_CONVERSION = YES;
				CLANG_WARN_DEPRECATED_OBJC_IMPLEMENTATIONS = YES;
				CLANG_WARN_DIRECT_OBJC_ISA_USAGE = YES_ERROR;
				CLANG_WARN_DOCUMENTATION_COMMENTS = YES;
				CLANG_WARN_EMPTY_BODY = YES;
				CLANG_WARN_ENUM_CONVERSION = YES;
				CLANG_WARN_INFINITE_RECURSION = YES;
				CLANG_WARN_INT_CONVERSION = YES;
				CLANG_WARN_NON_LITERAL_NULL_CONVERSION = YES;
				CLANG_WARN_OBJC_IMPLICIT_RETAIN_SELF = YES;
				CLANG_WARN_OBJC_LITERAL_CONVERSION = YES;
				CLANG_WARN_OBJC_ROOT_CLASS = YES_ERROR;
				CLANG_WARN_RANGE_LOOP_ANALYSIS = YES;
				CLANG_WARN_STRICT_PROTOTYPES = YES;
				CLANG_WARN_SUSPICIOUS_MOVE = YES;
				CLANG_WARN_UNGUARDED_AVAILABILITY = YES_AGGRESSIVE;
				CLANG_WARN_UNREACHABLE_CODE = YES;
				CLANG_WARN__DUPLICATE_METHOD_MATCH = YES;
				CODE_SIGN_IDENTITY = "iPhone Developer";
				COPY_PHASE_STRIP = NO;
				DEBUG_INFORMATION_FORMAT = dwarf;
				ENABLE_STRICT_OBJC_MSGSEND = YES;
				ENABLE_TESTABILITY = YES;
				GCC_C_LANGUAGE_STANDARD = gnu11;
				GCC_DYNAMIC_NO_PIC = NO;
				GCC_NO_COMMON_BLOCKS = YES;
				GCC_OPTIMIZATION_LEVEL = 0;
				GCC_PREPROCESSOR_DEFINITIONS = (
					"DEBUG=1",
					"$(inherited)",
				);
				GCC_WARN_64_TO_32_BIT_CONVERSION = YES;
				GCC_WARN_ABOUT_RETURN_TYPE = YES_ERROR;
				GCC_WARN_UNDECLARED_SELECTOR = YES;
				GCC_WARN_UNINITIALIZED_AUTOS = YES_AGGRESSIVE;
				GCC_WARN_UNUSED_FUNCTION = YES;
				GCC_WARN_UNUSED_VARIABLE = YES;
				IPHONEOS_DEPLOYMENT_TARGET = 12.2;
				MTL_ENABLE_DEBUG_INFO = INCLUDE_SOURCE;
				MTL_FAST_MATH = YES;
				ONLY_ACTIVE_ARCH = YES;
				SDKROOT = iphoneos;
				SWIFT_ACTIVE_COMPILATION_CONDITIONS = DEBUG;
				SWIFT_OPTIMIZATION_LEVEL = "-Onone";
			};
			name = Debug;
		};
		83A91949228A2BA1006FE005 /* Release */ = {
			isa = XCBuildConfiguration;
			buildSettings = {
				ALWAYS_SEARCH_USER_PATHS = NO;
				CLANG_ANALYZER_NONNULL = YES;
				CLANG_ANALYZER_NUMBER_OBJECT_CONVERSION = YES_AGGRESSIVE;
				CLANG_CXX_LANGUAGE_STANDARD = "gnu++14";
				CLANG_CXX_LIBRARY = "libc++";
				CLANG_ENABLE_MODULES = YES;
				CLANG_ENABLE_OBJC_ARC = YES;
				CLANG_ENABLE_OBJC_WEAK = YES;
				CLANG_WARN_BLOCK_CAPTURE_AUTORELEASING = YES;
				CLANG_WARN_BOOL_CONVERSION = YES;
				CLANG_WARN_COMMA = YES;
				CLANG_WARN_CONSTANT_CONVERSION = YES;
				CLANG_WARN_DEPRECATED_OBJC_IMPLEMENTATIONS = YES;
				CLANG_WARN_DIRECT_OBJC_ISA_USAGE = YES_ERROR;
				CLANG_WARN_DOCUMENTATION_COMMENTS = YES;
				CLANG_WARN_EMPTY_BODY = YES;
				CLANG_WARN_ENUM_CONVERSION = YES;
				CLANG_WARN_INFINITE_RECURSION = YES;
				CLANG_WARN_INT_CONVERSION = YES;
				CLANG_WARN_NON_LITERAL_NULL_CONVERSION = YES;
				CLANG_WARN_OBJC_IMPLICIT_RETAIN_SELF = YES;
				CLANG_WARN_OBJC_LITERAL_CONVERSION = YES;
				CLANG_WARN_OBJC_ROOT_CLASS = YES_ERROR;
				CLANG_WARN_RANGE_LOOP_ANALYSIS = YES;
				CLANG_WARN_STRICT_PROTOTYPES = YES;
				CLANG_WARN_SUSPICIOUS_MOVE = YES;
				CLANG_WARN_UNGUARDED_AVAILABILITY = YES_AGGRESSIVE;
				CLANG_WARN_UNREACHABLE_CODE = YES;
				CLANG_WARN__DUPLICATE_METHOD_MATCH = YES;
				CODE_SIGN_IDENTITY = "iPhone Developer";
				COPY_PHASE_STRIP = NO;
				DEBUG_INFORMATION_FORMAT = "dwarf-with-dsym";
				ENABLE_NS_ASSERTIONS = NO;
				ENABLE_STRICT_OBJC_MSGSEND = YES;
				GCC_C_LANGUAGE_STANDARD = gnu11;
				GCC_NO_COMMON_BLOCKS = YES;
				GCC_WARN_64_TO_32_BIT_CONVERSION = YES;
				GCC_WARN_ABOUT_RETURN_TYPE = YES_ERROR;
				GCC_WARN_UNDECLARED_SELECTOR = YES;
				GCC_WARN_UNINITIALIZED_AUTOS = YES_AGGRESSIVE;
				GCC_WARN_UNUSED_FUNCTION = YES;
				GCC_WARN_UNUSED_VARIABLE = YES;
				IPHONEOS_DEPLOYMENT_TARGET = 12.2;
				MTL_ENABLE_DEBUG_INFO = NO;
				MTL_FAST_MATH = YES;
				SDKROOT = iphoneos;
				SWIFT_COMPILATION_MODE = wholemodule;
				SWIFT_OPTIMIZATION_LEVEL = "-O";
				VALIDATE_PRODUCT = YES;
			};
			name = Release;
		};
		83A9194B228A2BA1006FE005 /* Debug */ = {
			isa = XCBuildConfiguration;
			buildSettings = {
				ASSETCATALOG_COMPILER_APPICON_NAME = AppIcon;
				CODE_SIGN_STYLE = Automatic;
				DEVELOPMENT_TEAM = 95Y9ZH46LB;
				INFOPLIST_FILE = Login/Info.plist;
				LD_RUNPATH_SEARCH_PATHS = (
					"$(inherited)",
					"@executable_path/Frameworks",
				);
				PRODUCT_BUNDLE_IDENTIFIER = cashfly.com.br.Login;
				PRODUCT_NAME = "$(TARGET_NAME)";
				SWIFT_VERSION = 5.0;
				TARGETED_DEVICE_FAMILY = "1,2";
			};
			name = Debug;
		};
		83A9194C228A2BA1006FE005 /* Release */ = {
			isa = XCBuildConfiguration;
			buildSettings = {
				ASSETCATALOG_COMPILER_APPICON_NAME = AppIcon;
				CODE_SIGN_STYLE = Automatic;
				DEVELOPMENT_TEAM = 95Y9ZH46LB;
				INFOPLIST_FILE = Login/Info.plist;
				LD_RUNPATH_SEARCH_PATHS = (
					"$(inherited)",
					"@executable_path/Frameworks",
				);
				PRODUCT_BUNDLE_IDENTIFIER = cashfly.com.br.Login;
				PRODUCT_NAME = "$(TARGET_NAME)";
				SWIFT_VERSION = 5.0;
				TARGETED_DEVICE_FAMILY = "1,2";
			};
			name = Release;
		};
		83A9194E228A2BA1006FE005 /* Debug */ = {
			isa = XCBuildConfiguration;
			buildSettings = {
				ALWAYS_EMBED_SWIFT_STANDARD_LIBRARIES = YES;
				BUNDLE_LOADER = "$(TEST_HOST)";
				CODE_SIGN_STYLE = Automatic;
				DEVELOPMENT_TEAM = 95Y9ZH46LB;
				INFOPLIST_FILE = LoginTests/Info.plist;
				LD_RUNPATH_SEARCH_PATHS = (
					"$(inherited)",
					"@executable_path/Frameworks",
					"@loader_path/Frameworks",
				);
				PRODUCT_BUNDLE_IDENTIFIER = cashfly.com.br.LoginTests;
				PRODUCT_NAME = "$(TARGET_NAME)";
				SWIFT_VERSION = 5.0;
				TARGETED_DEVICE_FAMILY = "1,2";
				TEST_HOST = "$(BUILT_PRODUCTS_DIR)/Login.app/Login";
			};
			name = Debug;
		};
		83A9194F228A2BA1006FE005 /* Release */ = {
			isa = XCBuildConfiguration;
			buildSettings = {
				ALWAYS_EMBED_SWIFT_STANDARD_LIBRARIES = YES;
				BUNDLE_LOADER = "$(TEST_HOST)";
				CODE_SIGN_STYLE = Automatic;
				DEVELOPMENT_TEAM = 95Y9ZH46LB;
				INFOPLIST_FILE = LoginTests/Info.plist;
				LD_RUNPATH_SEARCH_PATHS = (
					"$(inherited)",
					"@executable_path/Frameworks",
					"@loader_path/Frameworks",
				);
				PRODUCT_BUNDLE_IDENTIFIER = cashfly.com.br.LoginTests;
				PRODUCT_NAME = "$(TARGET_NAME)";
				SWIFT_VERSION = 5.0;
				TARGETED_DEVICE_FAMILY = "1,2";
				TEST_HOST = "$(BUILT_PRODUCTS_DIR)/Login.app/Login";
			};
			name = Release;
		};
		83A91951228A2BA1006FE005 /* Debug */ = {
			isa = XCBuildConfiguration;
			buildSettings = {
				ALWAYS_EMBED_SWIFT_STANDARD_LIBRARIES = YES;
				CODE_SIGN_STYLE = Automatic;
				DEVELOPMENT_TEAM = 95Y9ZH46LB;
				INFOPLIST_FILE = LoginUITests/Info.plist;
				LD_RUNPATH_SEARCH_PATHS = (
					"$(inherited)",
					"@executable_path/Frameworks",
					"@loader_path/Frameworks",
				);
				PRODUCT_BUNDLE_IDENTIFIER = cashfly.com.br.LoginUITests;
				PRODUCT_NAME = "$(TARGET_NAME)";
				SWIFT_VERSION = 5.0;
				TARGETED_DEVICE_FAMILY = "1,2";
				TEST_TARGET_NAME = Login;
			};
			name = Debug;
		};
		83A91952228A2BA1006FE005 /* Release */ = {
			isa = XCBuildConfiguration;
			buildSettings = {
				ALWAYS_EMBED_SWIFT_STANDARD_LIBRARIES = YES;
				CODE_SIGN_STYLE = Automatic;
				DEVELOPMENT_TEAM = 95Y9ZH46LB;
				INFOPLIST_FILE = LoginUITests/Info.plist;
				LD_RUNPATH_SEARCH_PATHS = (
					"$(inherited)",
					"@executable_path/Frameworks",
					"@loader_path/Frameworks",
				);
				PRODUCT_BUNDLE_IDENTIFIER = cashfly.com.br.LoginUITests;
				PRODUCT_NAME = "$(TARGET_NAME)";
				SWIFT_VERSION = 5.0;
				TARGETED_DEVICE_FAMILY = "1,2";
				TEST_TARGET_NAME = Login;
			};
			name = Release;
		};
/* End XCBuildConfiguration section */

/* Begin XCConfigurationList section */
		83A9191D228A2BA0006FE005 /* Build configuration list for PBXProject "Login" */ = {
			isa = XCConfigurationList;
			buildConfigurations = (
				83A91948228A2BA1006FE005 /* Debug */,
				83A91949228A2BA1006FE005 /* Release */,
			);
			defaultConfigurationIsVisible = 0;
			defaultConfigurationName = Release;
		};
		83A9194A228A2BA1006FE005 /* Build configuration list for PBXNativeTarget "Login" */ = {
			isa = XCConfigurationList;
			buildConfigurations = (
				83A9194B228A2BA1006FE005 /* Debug */,
				83A9194C228A2BA1006FE005 /* Release */,
			);
			defaultConfigurationIsVisible = 0;
			defaultConfigurationName = Release;
		};
		83A9194D228A2BA1006FE005 /* Build configuration list for PBXNativeTarget "LoginTests" */ = {
			isa = XCConfigurationList;
			buildConfigurations = (
				83A9194E228A2BA1006FE005 /* Debug */,
				83A9194F228A2BA1006FE005 /* Release */,
			);
			defaultConfigurationIsVisible = 0;
			defaultConfigurationName = Release;
		};
		83A91950228A2BA1006FE005 /* Build configuration list for PBXNativeTarget "LoginUITests" */ = {
			isa = XCConfigurationList;
			buildConfigurations = (
				83A91951228A2BA1006FE005 /* Debug */,
				83A91952228A2BA1006FE005 /* Release */,
			);
			defaultConfigurationIsVisible = 0;
			defaultConfigurationName = Release;
		};
/* End XCConfigurationList section */
	};
	rootObject = 83A9191A228A2BA0006FE005 /* Project object */;
}
