// !$*UTF8*$!
{
	archiveVersion = 1;
	classes = {
	};
	objectVersion = 50;
	objects = {

/* Begin PBXBuildFile section */
		830878772294B15100C32121 /* AppDelegate.swift in Sources */ = {isa = PBXBuildFile; fileRef = 830878762294B15100C32121 /* AppDelegate.swift */; };
		830878792294B15100C32121 /* ListaCarrosVC.swift in Sources */ = {isa = PBXBuildFile; fileRef = 830878782294B15100C32121 /* ListaCarrosVC.swift */; };
		8308787C2294B15100C32121 /* Main.storyboard in Resources */ = {isa = PBXBuildFile; fileRef = 8308787A2294B15100C32121 /* Main.storyboard */; };
		8308787E2294B15200C32121 /* Assets.xcassets in Resources */ = {isa = PBXBuildFile; fileRef = 8308787D2294B15200C32121 /* Assets.xcassets */; };
		830878812294B15200C32121 /* LaunchScreen.storyboard in Resources */ = {isa = PBXBuildFile; fileRef = 8308787F2294B15200C32121 /* LaunchScreen.storyboard */; };
		8308788C2294B15200C32121 /* CustomTableViewTests.swift in Sources */ = {isa = PBXBuildFile; fileRef = 8308788B2294B15200C32121 /* CustomTableViewTests.swift */; };
		830878972294B15200C32121 /* CustomTableViewUITests.swift in Sources */ = {isa = PBXBuildFile; fileRef = 830878962294B15200C32121 /* CustomTableViewUITests.swift */; };
		830878A62294B45D00C32121 /* CarroTableViewCell.swift in Sources */ = {isa = PBXBuildFile; fileRef = 830878A42294B45D00C32121 /* CarroTableViewCell.swift */; };
		830878A72294B45D00C32121 /* CarroTableViewCell.xib in Resources */ = {isa = PBXBuildFile; fileRef = 830878A52294B45D00C32121 /* CarroTableViewCell.xib */; };
		830878A92294CF7800C32121 /* Carro.swift in Sources */ = {isa = PBXBuildFile; fileRef = 830878A82294CF7800C32121 /* Carro.swift */; };
		830878AB2294D03A00C32121 /* CarroLista.swift in Sources */ = {isa = PBXBuildFile; fileRef = 830878AA2294D03A00C32121 /* CarroLista.swift */; };
		830878AD2294D6E100C32121 /* DetalheVC.swift in Sources */ = {isa = PBXBuildFile; fileRef = 830878AC2294D6E100C32121 /* DetalheVC.swift */; };
/* End PBXBuildFile section */

/* Begin PBXContainerItemProxy section */
		830878882294B15200C32121 /* PBXContainerItemProxy */ = {
			isa = PBXContainerItemProxy;
			containerPortal = 8308786B2294B15100C32121 /* Project object */;
			proxyType = 1;
			remoteGlobalIDString = 830878722294B15100C32121;
			remoteInfo = CustomTableView;
		};
		830878932294B15200C32121 /* PBXContainerItemProxy */ = {
			isa = PBXContainerItemProxy;
			containerPortal = 8308786B2294B15100C32121 /* Project object */;
			proxyType = 1;
			remoteGlobalIDString = 830878722294B15100C32121;
			remoteInfo = CustomTableView;
		};
/* End PBXContainerItemProxy section */

/* Begin PBXFileReference section */
		830878732294B15100C32121 /* CustomTableView.app */ = {isa = PBXFileReference; explicitFileType = wrapper.application; includeInIndex = 0; path = CustomTableView.app; sourceTree = BUILT_PRODUCTS_DIR; };
		830878762294B15100C32121 /* AppDelegate.swift */ = {isa = PBXFileReference; lastKnownFileType = sourcecode.swift; path = AppDelegate.swift; sourceTree = "<group>"; };
		830878782294B15100C32121 /* ListaCarrosVC.swift */ = {isa = PBXFileReference; lastKnownFileType = sourcecode.swift; path = ListaCarrosVC.swift; sourceTree = "<group>"; };
		8308787B2294B15100C32121 /* Base */ = {isa = PBXFileReference; lastKnownFileType = file.storyboard; name = Base; path = Base.lproj/Main.storyboard; sourceTree = "<group>"; };
		8308787D2294B15200C32121 /* Assets.xcassets */ = {isa = PBXFileReference; lastKnownFileType = folder.assetcatalog; path = Assets.xcassets; sourceTree = "<group>"; };
		830878802294B15200C32121 /* Base */ = {isa = PBXFileReference; lastKnownFileType = file.storyboard; name = Base; path = Base.lproj/LaunchScreen.storyboard; sourceTree = "<group>"; };
		830878822294B15200C32121 /* Info.plist */ = {isa = PBXFileReference; lastKnownFileType = text.plist.xml; path = Info.plist; sourceTree = "<group>"; };
		830878872294B15200C32121 /* CustomTableViewTests.xctest */ = {isa = PBXFileReference; explicitFileType = wrapper.cfbundle; includeInIndex = 0; path = CustomTableViewTests.xctest; sourceTree = BUILT_PRODUCTS_DIR; };
		8308788B2294B15200C32121 /* CustomTableViewTests.swift */ = {isa = PBXFileReference; lastKnownFileType = sourcecode.swift; path = CustomTableViewTests.swift; sourceTree = "<group>"; };
		8308788D2294B15200C32121 /* Info.plist */ = {isa = PBXFileReference; lastKnownFileType = text.plist.xml; path = Info.plist; sourceTree = "<group>"; };
		830878922294B15200C32121 /* CustomTableViewUITests.xctest */ = {isa = PBXFileReference; explicitFileType = wrapper.cfbundle; includeInIndex = 0; path = CustomTableViewUITests.xctest; sourceTree = BUILT_PRODUCTS_DIR; };
		830878962294B15200C32121 /* CustomTableViewUITests.swift */ = {isa = PBXFileReference; lastKnownFileType = sourcecode.swift; path = CustomTableViewUITests.swift; sourceTree = "<group>"; };
		830878982294B15200C32121 /* Info.plist */ = {isa = PBXFileReference; lastKnownFileType = text.plist.xml; path = Info.plist; sourceTree = "<group>"; };
		830878A42294B45D00C32121 /* CarroTableViewCell.swift */ = {isa = PBXFileReference; lastKnownFileType = sourcecode.swift; path = CarroTableViewCell.swift; sourceTree = "<group>"; };
		830878A52294B45D00C32121 /* CarroTableViewCell.xib */ = {isa = PBXFileReference; lastKnownFileType = file.xib; path = CarroTableViewCell.xib; sourceTree = "<group>"; };
		830878A82294CF7800C32121 /* Carro.swift */ = {isa = PBXFileReference; lastKnownFileType = sourcecode.swift; path = Carro.swift; sourceTree = "<group>"; };
		830878AA2294D03A00C32121 /* CarroLista.swift */ = {isa = PBXFileReference; lastKnownFileType = sourcecode.swift; path = CarroLista.swift; sourceTree = "<group>"; };
		830878AC2294D6E100C32121 /* DetalheVC.swift */ = {isa = PBXFileReference; lastKnownFileType = sourcecode.swift; path = DetalheVC.swift; sourceTree = "<group>"; };
/* End PBXFileReference section */

/* Begin PBXFrameworksBuildPhase section */
		830878702294B15100C32121 /* Frameworks */ = {
			isa = PBXFrameworksBuildPhase;
			buildActionMask = 2147483647;
			files = (
			);
			runOnlyForDeploymentPostprocessing = 0;
		};
		830878842294B15200C32121 /* Frameworks */ = {
			isa = PBXFrameworksBuildPhase;
			buildActionMask = 2147483647;
			files = (
			);
			runOnlyForDeploymentPostprocessing = 0;
		};
		8308788F2294B15200C32121 /* Frameworks */ = {
			isa = PBXFrameworksBuildPhase;
			buildActionMask = 2147483647;
			files = (
			);
			runOnlyForDeploymentPostprocessing = 0;
		};
/* End PBXFrameworksBuildPhase section */

/* Begin PBXGroup section */
		8308786A2294B15100C32121 = {
			isa = PBXGroup;
			children = (
				830878752294B15100C32121 /* CustomTableView */,
				8308788A2294B15200C32121 /* CustomTableViewTests */,
				830878952294B15200C32121 /* CustomTableViewUITests */,
				830878742294B15100C32121 /* Products */,
			);
			sourceTree = "<group>";
		};
		830878742294B15100C32121 /* Products */ = {
			isa = PBXGroup;
			children = (
				830878732294B15100C32121 /* CustomTableView.app */,
				830878872294B15200C32121 /* CustomTableViewTests.xctest */,
				830878922294B15200C32121 /* CustomTableViewUITests.xctest */,
			);
			name = Products;
			sourceTree = "<group>";
		};
		830878752294B15100C32121 /* CustomTableView */ = {
			isa = PBXGroup;
			children = (
				830878762294B15100C32121 /* AppDelegate.swift */,
				830878782294B15100C32121 /* ListaCarrosVC.swift */,
				8308787A2294B15100C32121 /* Main.storyboard */,
				830878A42294B45D00C32121 /* CarroTableViewCell.swift */,
				830878A52294B45D00C32121 /* CarroTableViewCell.xib */,
				830878A82294CF7800C32121 /* Carro.swift */,
				830878AC2294D6E100C32121 /* DetalheVC.swift */,
				830878AA2294D03A00C32121 /* CarroLista.swift */,
				8308787D2294B15200C32121 /* Assets.xcassets */,
				8308787F2294B15200C32121 /* LaunchScreen.storyboard */,
				830878822294B15200C32121 /* Info.plist */,
			);
			path = CustomTableView;
			sourceTree = "<group>";
		};
		8308788A2294B15200C32121 /* CustomTableViewTests */ = {
			isa = PBXGroup;
			children = (
				8308788B2294B15200C32121 /* CustomTableViewTests.swift */,
				8308788D2294B15200C32121 /* Info.plist */,
			);
			path = CustomTableViewTests;
			sourceTree = "<group>";
		};
		830878952294B15200C32121 /* CustomTableViewUITests */ = {
			isa = PBXGroup;
			children = (
				830878962294B15200C32121 /* CustomTableViewUITests.swift */,
				830878982294B15200C32121 /* Info.plist */,
			);
			path = CustomTableViewUITests;
			sourceTree = "<group>";
		};
/* End PBXGroup section */

/* Begin PBXNativeTarget section */
		830878722294B15100C32121 /* CustomTableView */ = {
			isa = PBXNativeTarget;
			buildConfigurationList = 8308789B2294B15200C32121 /* Build configuration list for PBXNativeTarget "CustomTableView" */;
			buildPhases = (
				8308786F2294B15100C32121 /* Sources */,
				830878702294B15100C32121 /* Frameworks */,
				830878712294B15100C32121 /* Resources */,
			);
			buildRules = (
			);
			dependencies = (
			);
			name = CustomTableView;
			productName = CustomTableView;
			productReference = 830878732294B15100C32121 /* CustomTableView.app */;
			productType = "com.apple.product-type.application";
		};
		830878862294B15200C32121 /* CustomTableViewTests */ = {
			isa = PBXNativeTarget;
			buildConfigurationList = 8308789E2294B15200C32121 /* Build configuration list for PBXNativeTarget "CustomTableViewTests" */;
			buildPhases = (
				830878832294B15200C32121 /* Sources */,
				830878842294B15200C32121 /* Frameworks */,
				830878852294B15200C32121 /* Resources */,
			);
			buildRules = (
			);
			dependencies = (
				830878892294B15200C32121 /* PBXTargetDependency */,
			);
			name = CustomTableViewTests;
			productName = CustomTableViewTests;
			productReference = 830878872294B15200C32121 /* CustomTableViewTests.xctest */;
			productType = "com.apple.product-type.bundle.unit-test";
		};
		830878912294B15200C32121 /* CustomTableViewUITests */ = {
			isa = PBXNativeTarget;
			buildConfigurationList = 830878A12294B15200C32121 /* Build configuration list for PBXNativeTarget "CustomTableViewUITests" */;
			buildPhases = (
				8308788E2294B15200C32121 /* Sources */,
				8308788F2294B15200C32121 /* Frameworks */,
				830878902294B15200C32121 /* Resources */,
			);
			buildRules = (
			);
			dependencies = (
				830878942294B15200C32121 /* PBXTargetDependency */,
			);
			name = CustomTableViewUITests;
			productName = CustomTableViewUITests;
			productReference = 830878922294B15200C32121 /* CustomTableViewUITests.xctest */;
			productType = "com.apple.product-type.bundle.ui-testing";
		};
/* End PBXNativeTarget section */

/* Begin PBXProject section */
		8308786B2294B15100C32121 /* Project object */ = {
			isa = PBXProject;
			attributes = {
				LastSwiftUpdateCheck = 1020;
				LastUpgradeCheck = 1020;
				ORGANIZATIONNAME = "Thiago B Claramunt";
				TargetAttributes = {
					830878722294B15100C32121 = {
						CreatedOnToolsVersion = 10.2.1;
					};
					830878862294B15200C32121 = {
						CreatedOnToolsVersion = 10.2.1;
						TestTargetID = 830878722294B15100C32121;
					};
					830878912294B15200C32121 = {
						CreatedOnToolsVersion = 10.2.1;
						TestTargetID = 830878722294B15100C32121;
					};
				};
			};
			buildConfigurationList = 8308786E2294B15100C32121 /* Build configuration list for PBXProject "CustomTableView" */;
			compatibilityVersion = "Xcode 9.3";
			developmentRegion = en;
			hasScannedForEncodings = 0;
			knownRegions = (
				en,
				Base,
			);
			mainGroup = 8308786A2294B15100C32121;
			productRefGroup = 830878742294B15100C32121 /* Products */;
			projectDirPath = "";
			projectRoot = "";
			targets = (
				830878722294B15100C32121 /* CustomTableView */,
				830878862294B15200C32121 /* CustomTableViewTests */,
				830878912294B15200C32121 /* CustomTableViewUITests */,
			);
		};
/* End PBXProject section */

/* Begin PBXResourcesBuildPhase section */
		830878712294B15100C32121 /* Resources */ = {
			isa = PBXResourcesBuildPhase;
			buildActionMask = 2147483647;
			files = (
				830878812294B15200C32121 /* LaunchScreen.storyboard in Resources */,
				830878A72294B45D00C32121 /* CarroTableViewCell.xib in Resources */,
				8308787E2294B15200C32121 /* Assets.xcassets in Resources */,
				8308787C2294B15100C32121 /* Main.storyboard in Resources */,
			);
			runOnlyForDeploymentPostprocessing = 0;
		};
		830878852294B15200C32121 /* Resources */ = {
			isa = PBXResourcesBuildPhase;
			buildActionMask = 2147483647;
			files = (
			);
			runOnlyForDeploymentPostprocessing = 0;
		};
		830878902294B15200C32121 /* Resources */ = {
			isa = PBXResourcesBuildPhase;
			buildActionMask = 2147483647;
			files = (
			);
			runOnlyForDeploymentPostprocessing = 0;
		};
/* End PBXResourcesBuildPhase section */

/* Begin PBXSourcesBuildPhase section */
		8308786F2294B15100C32121 /* Sources */ = {
			isa = PBXSourcesBuildPhase;
			buildActionMask = 2147483647;
			files = (
				830878A62294B45D00C32121 /* CarroTableViewCell.swift in Sources */,
				830878AB2294D03A00C32121 /* CarroLista.swift in Sources */,
				830878A92294CF7800C32121 /* Carro.swift in Sources */,
				830878792294B15100C32121 /* ListaCarrosVC.swift in Sources */,
				830878AD2294D6E100C32121 /* DetalheVC.swift in Sources */,
				830878772294B15100C32121 /* AppDelegate.swift in Sources */,
			);
			runOnlyForDeploymentPostprocessing = 0;
		};
		830878832294B15200C32121 /* Sources */ = {
			isa = PBXSourcesBuildPhase;
			buildActionMask = 2147483647;
			files = (
				8308788C2294B15200C32121 /* CustomTableViewTests.swift in Sources */,
			);
			runOnlyForDeploymentPostprocessing = 0;
		};
		8308788E2294B15200C32121 /* Sources */ = {
			isa = PBXSourcesBuildPhase;
			buildActionMask = 2147483647;
			files = (
				830878972294B15200C32121 /* CustomTableViewUITests.swift in Sources */,
			);
			runOnlyForDeploymentPostprocessing = 0;
		};
/* End PBXSourcesBuildPhase section */

/* Begin PBXTargetDependency section */
		830878892294B15200C32121 /* PBXTargetDependency */ = {
			isa = PBXTargetDependency;
			target = 830878722294B15100C32121 /* CustomTableView */;
			targetProxy = 830878882294B15200C32121 /* PBXContainerItemProxy */;
		};
		830878942294B15200C32121 /* PBXTargetDependency */ = {
			isa = PBXTargetDependency;
			target = 830878722294B15100C32121 /* CustomTableView */;
			targetProxy = 830878932294B15200C32121 /* PBXContainerItemProxy */;
		};
/* End PBXTargetDependency section */

/* Begin PBXVariantGroup section */
		8308787A2294B15100C32121 /* Main.storyboard */ = {
			isa = PBXVariantGroup;
			children = (
				8308787B2294B15100C32121 /* Base */,
			);
			name = Main.storyboard;
			sourceTree = "<group>";
		};
		8308787F2294B15200C32121 /* LaunchScreen.storyboard */ = {
			isa = PBXVariantGroup;
			children = (
				830878802294B15200C32121 /* Base */,
			);
			name = LaunchScreen.storyboard;
			sourceTree = "<group>";
		};
/* End PBXVariantGroup section */

/* Begin XCBuildConfiguration section */
		830878992294B15200C32121 /* Debug */ = {
			isa = XCBuildConfiguration;
			buildSettings = {
				ALWAYS_SEARCH_USER_PATHS = NO;
				CLANG_ANALYZER_NONNULL = YES;
				CLANG_ANALYZER_NUMBER_OBJECT_CONVERSION = YES_AGGRESSIVE;
				CLANG_CXX_LANGUAGE_STANDARD = "gnu++14";
				CLANG_CXX_LIBRARY = "libc++";
				CLANG_ENABLE_MODULES = YES;
				CLANG_ENABLE_OBJC_ARC = YES;
				CLANG_ENABLE_OBJC_WEAK = YES;
				CLANG_WARN_BLOCK_CAPTURE_AUTORELEASING = YES;
				CLANG_WARN_BOOL_CONVERSION = YES;
				CLANG_WARN_COMMA = YES;
				CLANG_WARN_CONSTANT_CONVERSION = YES;
				CLANG_WARN_DEPRECATED_OBJC_IMPLEMENTATIONS = YES;
				CLANG_WARN_DIRECT_OBJC_ISA_USAGE = YES_ERROR;
				CLANG_WARN_DOCUMENTATION_COMMENTS = YES;
				CLANG_WARN_EMPTY_BODY = YES;
				CLANG_WARN_ENUM_CONVERSION = YES;
				CLANG_WARN_INFINITE_RECURSION = YES;
				CLANG_WARN_INT_CONVERSION = YES;
				CLANG_WARN_NON_LITERAL_NULL_CONVERSION = YES;
				CLANG_WARN_OBJC_IMPLICIT_RETAIN_SELF = YES;
				CLANG_WARN_OBJC_LITERAL_CONVERSION = YES;
				CLANG_WARN_OBJC_ROOT_CLASS = YES_ERROR;
				CLANG_WARN_RANGE_LOOP_ANALYSIS = YES;
				CLANG_WARN_STRICT_PROTOTYPES = YES;
				CLANG_WARN_SUSPICIOUS_MOVE = YES;
				CLANG_WARN_UNGUARDED_AVAILABILITY = YES_AGGRESSIVE;
				CLANG_WARN_UNREACHABLE_CODE = YES;
				CLANG_WARN__DUPLICATE_METHOD_MATCH = YES;
				CODE_SIGN_IDENTITY = "iPhone Developer";
				COPY_PHASE_STRIP = NO;
				DEBUG_INFORMATION_FORMAT = dwarf;
				ENABLE_STRICT_OBJC_MSGSEND = YES;
				ENABLE_TESTABILITY = YES;
				GCC_C_LANGUAGE_STANDARD = gnu11;
				GCC_DYNAMIC_NO_PIC = NO;
				GCC_NO_COMMON_BLOCKS = YES;
				GCC_OPTIMIZATION_LEVEL = 0;
				GCC_PREPROCESSOR_DEFINITIONS = (
					"DEBUG=1",
					"$(inherited)",
				);
				GCC_WARN_64_TO_32_BIT_CONVERSION = YES;
				GCC_WARN_ABOUT_RETURN_TYPE = YES_ERROR;
				GCC_WARN_UNDECLARED_SELECTOR = YES;
				GCC_WARN_UNINITIALIZED_AUTOS = YES_AGGRESSIVE;
				GCC_WARN_UNUSED_FUNCTION = YES;
				GCC_WARN_UNUSED_VARIABLE = YES;
				IPHONEOS_DEPLOYMENT_TARGET = 12.2;
				MTL_ENABLE_DEBUG_INFO = INCLUDE_SOURCE;
				MTL_FAST_MATH = YES;
				ONLY_ACTIVE_ARCH = YES;
				SDKROOT = iphoneos;
				SWIFT_ACTIVE_COMPILATION_CONDITIONS = DEBUG;
				SWIFT_OPTIMIZATION_LEVEL = "-Onone";
			};
			name = Debug;
		};
		8308789A2294B15200C32121 /* Release */ = {
			isa = XCBuildConfiguration;
			buildSettings = {
				ALWAYS_SEARCH_USER_PATHS = NO;
				CLANG_ANALYZER_NONNULL = YES;
				CLANG_ANALYZER_NUMBER_OBJECT_CONVERSION = YES_AGGRESSIVE;
				CLANG_CXX_LANGUAGE_STANDARD = "gnu++14";
				CLANG_CXX_LIBRARY = "libc++";
				CLANG_ENABLE_MODULES = YES;
				CLANG_ENABLE_OBJC_ARC = YES;
				CLANG_ENABLE_OBJC_WEAK = YES;
				CLANG_WARN_BLOCK_CAPTURE_AUTORELEASING = YES;
				CLANG_WARN_BOOL_CONVERSION = YES;
				CLANG_WARN_COMMA = YES;
				CLANG_WARN_CONSTANT_CONVERSION = YES;
				CLANG_WARN_DEPRECATED_OBJC_IMPLEMENTATIONS = YES;
				CLANG_WARN_DIRECT_OBJC_ISA_USAGE = YES_ERROR;
				CLANG_WARN_DOCUMENTATION_COMMENTS = YES;
				CLANG_WARN_EMPTY_BODY = YES;
				CLANG_WARN_ENUM_CONVERSION = YES;
				CLANG_WARN_INFINITE_RECURSION = YES;
				CLANG_WARN_INT_CONVERSION = YES;
				CLANG_WARN_NON_LITERAL_NULL_CONVERSION = YES;
				CLANG_WARN_OBJC_IMPLICIT_RETAIN_SELF = YES;
				CLANG_WARN_OBJC_LITERAL_CONVERSION = YES;
				CLANG_WARN_OBJC_ROOT_CLASS = YES_ERROR;
				CLANG_WARN_RANGE_LOOP_ANALYSIS = YES;
				CLANG_WARN_STRICT_PROTOTYPES = YES;
				CLANG_WARN_SUSPICIOUS_MOVE = YES;
				CLANG_WARN_UNGUARDED_AVAILABILITY = YES_AGGRESSIVE;
				CLANG_WARN_UNREACHABLE_CODE = YES;
				CLANG_WARN__DUPLICATE_METHOD_MATCH = YES;
				CODE_SIGN_IDENTITY = "iPhone Developer";
				COPY_PHASE_STRIP = NO;
				DEBUG_INFORMATION_FORMAT = "dwarf-with-dsym";
				ENABLE_NS_ASSERTIONS = NO;
				ENABLE_STRICT_OBJC_MSGSEND = YES;
				GCC_C_LANGUAGE_STANDARD = gnu11;
				GCC_NO_COMMON_BLOCKS = YES;
				GCC_WARN_64_TO_32_BIT_CONVERSION = YES;
				GCC_WARN_ABOUT_RETURN_TYPE = YES_ERROR;
				GCC_WARN_UNDECLARED_SELECTOR = YES;
				GCC_WARN_UNINITIALIZED_AUTOS = YES_AGGRESSIVE;
				GCC_WARN_UNUSED_FUNCTION = YES;
				GCC_WARN_UNUSED_VARIABLE = YES;
				IPHONEOS_DEPLOYMENT_TARGET = 12.2;
				MTL_ENABLE_DEBUG_INFO = NO;
				MTL_FAST_MATH = YES;
				SDKROOT = iphoneos;
				SWIFT_COMPILATION_MODE = wholemodule;
				SWIFT_OPTIMIZATION_LEVEL = "-O";
				VALIDATE_PRODUCT = YES;
			};
			name = Release;
		};
		8308789C2294B15200C32121 /* Debug */ = {
			isa = XCBuildConfiguration;
			buildSettings = {
				ASSETCATALOG_COMPILER_APPICON_NAME = AppIcon;
				CODE_SIGN_STYLE = Automatic;
				DEVELOPMENT_TEAM = 95Y9ZH46LB;
				INFOPLIST_FILE = CustomTableView/Info.plist;
				LD_RUNPATH_SEARCH_PATHS = (
					"$(inherited)",
					"@executable_path/Frameworks",
				);
				PRODUCT_BUNDLE_IDENTIFIER = cashfly.com.br.CustomTableView;
				PRODUCT_NAME = "$(TARGET_NAME)";
				SWIFT_VERSION = 5.0;
				TARGETED_DEVICE_FAMILY = 1;
			};
			name = Debug;
		};
		8308789D2294B15200C32121 /* Release */ = {
			isa = XCBuildConfiguration;
			buildSettings = {
				ASSETCATALOG_COMPILER_APPICON_NAME = AppIcon;
				CODE_SIGN_STYLE = Automatic;
				DEVELOPMENT_TEAM = 95Y9ZH46LB;
				INFOPLIST_FILE = CustomTableView/Info.plist;
				LD_RUNPATH_SEARCH_PATHS = (
					"$(inherited)",
					"@executable_path/Frameworks",
				);
				PRODUCT_BUNDLE_IDENTIFIER = cashfly.com.br.CustomTableView;
				PRODUCT_NAME = "$(TARGET_NAME)";
				SWIFT_VERSION = 5.0;
				TARGETED_DEVICE_FAMILY = 1;
			};
			name = Release;
		};
		8308789F2294B15200C32121 /* Debug */ = {
			isa = XCBuildConfiguration;
			buildSettings = {
				ALWAYS_EMBED_SWIFT_STANDARD_LIBRARIES = YES;
				BUNDLE_LOADER = "$(TEST_HOST)";
				CODE_SIGN_STYLE = Automatic;
				DEVELOPMENT_TEAM = 95Y9ZH46LB;
				INFOPLIST_FILE = CustomTableViewTests/Info.plist;
				LD_RUNPATH_SEARCH_PATHS = (
					"$(inherited)",
					"@executable_path/Frameworks",
					"@loader_path/Frameworks",
				);
				PRODUCT_BUNDLE_IDENTIFIER = cashfly.com.br.CustomTableViewTests;
				PRODUCT_NAME = "$(TARGET_NAME)";
				SWIFT_VERSION = 5.0;
				TARGETED_DEVICE_FAMILY = "1,2";
				TEST_HOST = "$(BUILT_PRODUCTS_DIR)/CustomTableView.app/CustomTableView";
			};
			name = Debug;
		};
		830878A02294B15200C32121 /* Release */ = {
			isa = XCBuildConfiguration;
			buildSettings = {
				ALWAYS_EMBED_SWIFT_STANDARD_LIBRARIES = YES;
				BUNDLE_LOADER = "$(TEST_HOST)";
				CODE_SIGN_STYLE = Automatic;
				DEVELOPMENT_TEAM = 95Y9ZH46LB;
				INFOPLIST_FILE = CustomTableViewTests/Info.plist;
				LD_RUNPATH_SEARCH_PATHS = (
					"$(inherited)",
					"@executable_path/Frameworks",
					"@loader_path/Frameworks",
				);
				PRODUCT_BUNDLE_IDENTIFIER = cashfly.com.br.CustomTableViewTests;
				PRODUCT_NAME = "$(TARGET_NAME)";
				SWIFT_VERSION = 5.0;
				TARGETED_DEVICE_FAMILY = "1,2";
				TEST_HOST = "$(BUILT_PRODUCTS_DIR)/CustomTableView.app/CustomTableView";
			};
			name = Release;
		};
		830878A22294B15200C32121 /* Debug */ = {
			isa = XCBuildConfiguration;
			buildSettings = {
				ALWAYS_EMBED_SWIFT_STANDARD_LIBRARIES = YES;
				CODE_SIGN_STYLE = Automatic;
				DEVELOPMENT_TEAM = 95Y9ZH46LB;
				INFOPLIST_FILE = CustomTableViewUITests/Info.plist;
				LD_RUNPATH_SEARCH_PATHS = (
					"$(inherited)",
					"@executable_path/Frameworks",
					"@loader_path/Frameworks",
				);
				PRODUCT_BUNDLE_IDENTIFIER = cashfly.com.br.CustomTableViewUITests;
				PRODUCT_NAME = "$(TARGET_NAME)";
				SWIFT_VERSION = 5.0;
				TARGETED_DEVICE_FAMILY = "1,2";
				TEST_TARGET_NAME = CustomTableView;
			};
			name = Debug;
		};
		830878A32294B15200C32121 /* Release */ = {
			isa = XCBuildConfiguration;
			buildSettings = {
				ALWAYS_EMBED_SWIFT_STANDARD_LIBRARIES = YES;
				CODE_SIGN_STYLE = Automatic;
				DEVELOPMENT_TEAM = 95Y9ZH46LB;
				INFOPLIST_FILE = CustomTableViewUITests/Info.plist;
				LD_RUNPATH_SEARCH_PATHS = (
					"$(inherited)",
					"@executable_path/Frameworks",
					"@loader_path/Frameworks",
				);
				PRODUCT_BUNDLE_IDENTIFIER = cashfly.com.br.CustomTableViewUITests;
				PRODUCT_NAME = "$(TARGET_NAME)";
				SWIFT_VERSION = 5.0;
				TARGETED_DEVICE_FAMILY = "1,2";
				TEST_TARGET_NAME = CustomTableView;
			};
			name = Release;
		};
/* End XCBuildConfiguration section */

/* Begin XCConfigurationList section */
		8308786E2294B15100C32121 /* Build configuration list for PBXProject "CustomTableView" */ = {
			isa = XCConfigurationList;
			buildConfigurations = (
				830878992294B15200C32121 /* Debug */,
				8308789A2294B15200C32121 /* Release */,
			);
			defaultConfigurationIsVisible = 0;
			defaultConfigurationName = Release;
		};
		8308789B2294B15200C32121 /* Build configuration list for PBXNativeTarget "CustomTableView" */ = {
			isa = XCConfigurationList;
			buildConfigurations = (
				8308789C2294B15200C32121 /* Debug */,
				8308789D2294B15200C32121 /* Release */,
			);
			defaultConfigurationIsVisible = 0;
			defaultConfigurationName = Release;
		};
		8308789E2294B15200C32121 /* Build configuration list for PBXNativeTarget "CustomTableViewTests" */ = {
			isa = XCConfigurationList;
			buildConfigurations = (
				8308789F2294B15200C32121 /* Debug */,
				830878A02294B15200C32121 /* Release */,
			);
			defaultConfigurationIsVisible = 0;
			defaultConfigurationName = Release;
		};
		830878A12294B15200C32121 /* Build configuration list for PBXNativeTarget "CustomTableViewUITests" */ = {
			isa = XCConfigurationList;
			buildConfigurations = (
				830878A22294B15200C32121 /* Debug */,
				830878A32294B15200C32121 /* Release */,
			);
			defaultConfigurationIsVisible = 0;
			defaultConfigurationName = Release;
		};
/* End XCConfigurationList section */
	};
	rootObject = 8308786B2294B15100C32121 /* Project object */;
}
